// !$*UTF8*$!
{
	archiveVersion = 1;
	classes = {
	};
	objectVersion = 46;
	objects = {

/* Begin PBXBuildFile section */
		00E356F31AD99517003FC87E /* XRPTipBotTests.m in Sources */ = {isa = PBXBuildFile; fileRef = 00E356F21AD99517003FC87E /* XRPTipBotTests.m */; };
		13B07FBC1A68108700A75B9A /* AppDelegate.m in Sources */ = {isa = PBXBuildFile; fileRef = 13B07FB01A68108700A75B9A /* AppDelegate.m */; };
		13B07FBF1A68108700A75B9A /* Images.xcassets in Resources */ = {isa = PBXBuildFile; fileRef = 13B07FB51A68108700A75B9A /* Images.xcassets */; };
		13B07FC11A68108700A75B9A /* main.m in Sources */ = {isa = PBXBuildFile; fileRef = 13B07FB71A68108700A75B9A /* main.m */; };
		24206A171106FC23DF318155 /* libPods-XRPTipBot.a in Frameworks */ = {isa = PBXBuildFile; fileRef = 20F9876B5B51CF48184ECF72 /* libPods-XRPTipBot.a */; };
		24F3484E214C1A2A00FA56A2 /* assets in Resources */ = {isa = PBXBuildFile; fileRef = 24F3484D214C1A2A00FA56A2 /* assets */; };
		24F34850214C1A3500FA56A2 /* main.jsbundle in Resources */ = {isa = PBXBuildFile; fileRef = 24F3484F214C1A3500FA56A2 /* main.jsbundle */; };
		2D02E4BC1E0B4A80006451C7 /* AppDelegate.m in Sources */ = {isa = PBXBuildFile; fileRef = 13B07FB01A68108700A75B9A /* AppDelegate.m */; };
		2D02E4BD1E0B4A84006451C7 /* Images.xcassets in Resources */ = {isa = PBXBuildFile; fileRef = 13B07FB51A68108700A75B9A /* Images.xcassets */; };
		2D02E4BF1E0B4AB3006451C7 /* main.m in Sources */ = {isa = PBXBuildFile; fileRef = 13B07FB71A68108700A75B9A /* main.m */; };
		2DCD954D1E0B4F2C00145EB5 /* XRPTipBotTests.m in Sources */ = {isa = PBXBuildFile; fileRef = 00E356F21AD99517003FC87E /* XRPTipBotTests.m */; };
		A22CCF942195DB4D00CBCAE0 /* libRNFirebase.a in Frameworks */ = {isa = PBXBuildFile; fileRef = A22CCF932195DB3500CBCAE0 /* libRNFirebase.a */; };
		A22CCFA62195E7A300CBCAE0 /* UserNotifications.framework in Frameworks */ = {isa = PBXBuildFile; fileRef = A22CCFA52195E7A300CBCAE0 /* UserNotifications.framework */; };
		A23957C4217DD61E00AEAF86 /* Social.framework in Frameworks */ = {isa = PBXBuildFile; fileRef = A23957C3217DD61E00AEAF86 /* Social.framework */; };
		A23957C6217DD62C00AEAF86 /* MessageUI.framework in Frameworks */ = {isa = PBXBuildFile; fileRef = A23957C5217DD62C00AEAF86 /* MessageUI.framework */; };
		A29F88A82283172F005C3F00 /* GoogleService-Info.plist in Resources */ = {isa = PBXBuildFile; fileRef = A29F88A72283172F005C3F00 /* GoogleService-Info.plist */; };
		A2E13A4722709A48006EB068 /* libRCTLinking.a in Frameworks */ = {isa = PBXBuildFile; fileRef = A2E13A44227099D0006EB068 /* libRCTLinking.a */; };
		A2E13A5722709A79006EB068 /* libRCTWebSocket.a in Frameworks */ = {isa = PBXBuildFile; fileRef = A2E13A5022709A75006EB068 /* libRCTWebSocket.a */; };
		A2E13A6122709AEB006EB068 /* libRCTImage.a in Frameworks */ = {isa = PBXBuildFile; fileRef = A2E13A5E22709AE6006EB068 /* libRCTImage.a */; };
		A2E13A8B22709B8F006EB068 /* libRCTText.a in Frameworks */ = {isa = PBXBuildFile; fileRef = A2E13A8822709B8A006EB068 /* libRCTText.a */; };
		A2E13A9522709C15006EB068 /* libRCTAnimation.a in Frameworks */ = {isa = PBXBuildFile; fileRef = A2E13A9222709C0C006EB068 /* libRCTAnimation.a */; };
		A2E13AA62270A000006EB068 /* libRCTActionSheet.a in Frameworks */ = {isa = PBXBuildFile; fileRef = A2E13AA522709FF7006EB068 /* libRCTActionSheet.a */; };
		A2E13B402271E530006EB068 /* libRCTNetwork.a in Frameworks */ = {isa = PBXBuildFile; fileRef = A2E13B252271E529006EB068 /* libRCTNetwork.a */; };
		A2E13B472271E551006EB068 /* libRNCamera.a in Frameworks */ = {isa = PBXBuildFile; fileRef = A2E13B462271E54B006EB068 /* libRNCamera.a */; };
		A2E13B4E2271E570006EB068 /* libRNDiscovery.a in Frameworks */ = {isa = PBXBuildFile; fileRef = A2E13B4D2271E56C006EB068 /* libRNDiscovery.a */; };
		A2E13B552271E5A8006EB068 /* libInteractable.a in Frameworks */ = {isa = PBXBuildFile; fileRef = A2E13B542271E590006EB068 /* libInteractable.a */; };
		A2E13B5C2271E5C2006EB068 /* libRNViewShot.a in Frameworks */ = {isa = PBXBuildFile; fileRef = A2E13B5B2271E5BB006EB068 /* libRNViewShot.a */; };
		A2E13B632271E5E5006EB068 /* libRNShare.a in Frameworks */ = {isa = PBXBuildFile; fileRef = A2E13B622271E5E0006EB068 /* libRNShare.a */; };
		A2E13B6D2271E5FF006EB068 /* libRNDeviceInfo.a in Frameworks */ = {isa = PBXBuildFile; fileRef = A2E13B6A2271E5F8006EB068 /* libRNDeviceInfo.a */; };
		A2E13B772271E61A006EB068 /* libBVLinearGradient.a in Frameworks */ = {isa = PBXBuildFile; fileRef = A2E13B742271E612006EB068 /* libBVLinearGradient.a */; };
		A2E13B872271E630006EB068 /* libLottie.a in Frameworks */ = {isa = PBXBuildFile; fileRef = A2E13B862271E62B006EB068 /* libLottie.a */; };
		A2E13B8E2271E656006EB068 /* libLottieReactNative.a in Frameworks */ = {isa = PBXBuildFile; fileRef = A2E13B8D2271E650006EB068 /* libLottieReactNative.a */; };
		A2E13B8F2271E762006EB068 /* libReact.a in Frameworks */ = {isa = PBXBuildFile; fileRef = A2E13A1F227098D9006EB068 /* libReact.a */; };
		A2E13B962273107C006EB068 /* libRCTVibration.a in Frameworks */ = {isa = PBXBuildFile; fileRef = A2E13B952273102C006EB068 /* libRCTVibration.a */; };
		A2EB177B2244EF9300898E9A /* JavaScriptCore.framework in Frameworks */ = {isa = PBXBuildFile; fileRef = A2EB177A2244EF9300898E9A /* JavaScriptCore.framework */; };
		E69D381E2145C77C0087B6E3 /* libReactNativeNavigation.a in Frameworks */ = {isa = PBXBuildFile; fileRef = E69D381D2145C7420087B6E3 /* libReactNativeNavigation.a */; };
/* End PBXBuildFile section */

/* Begin PBXContainerItemProxy section */
		00E356F41AD99517003FC87E /* PBXContainerItemProxy */ = {
			isa = PBXContainerItemProxy;
			containerPortal = 83CBB9F71A601CBA00E9B192 /* Project object */;
			proxyType = 1;
			remoteGlobalIDString = 13B07F861A680F5B00A75B9A;
			remoteInfo = XRPTipBot;
		};
		2D02E4911E0B4A5D006451C7 /* PBXContainerItemProxy */ = {
			isa = PBXContainerItemProxy;
			containerPortal = 83CBB9F71A601CBA00E9B192 /* Project object */;
			proxyType = 1;
			remoteGlobalIDString = 2D02E47A1E0B4A5D006451C7;
			remoteInfo = "XRPTipBot-tvOS";
		};
		A22CCF922195DB3500CBCAE0 /* PBXContainerItemProxy */ = {
			isa = PBXContainerItemProxy;
			containerPortal = A22CCF8E2195DB3400CBCAE0 /* RNFirebase.xcodeproj */;
			proxyType = 2;
			remoteGlobalIDString = 134814201AA4EA6300B7C361;
			remoteInfo = RNFirebase;
		};
		A2E13A1E227098D9006EB068 /* PBXContainerItemProxy */ = {
			isa = PBXContainerItemProxy;
			containerPortal = A2E13A0B227098D9006EB068 /* React.xcodeproj */;
			proxyType = 2;
			remoteGlobalIDString = 83CBBA2E1A601D0E00E9B192;
			remoteInfo = React;
		};
		A2E13A20227098D9006EB068 /* PBXContainerItemProxy */ = {
			isa = PBXContainerItemProxy;
			containerPortal = A2E13A0B227098D9006EB068 /* React.xcodeproj */;
			proxyType = 2;
			remoteGlobalIDString = 2D2A28131D9B038B00D4039D;
			remoteInfo = "React-tvOS";
		};
		A2E13A22227098D9006EB068 /* PBXContainerItemProxy */ = {
			isa = PBXContainerItemProxy;
			containerPortal = A2E13A0B227098D9006EB068 /* React.xcodeproj */;
			proxyType = 2;
			remoteGlobalIDString = 3D3C059A1DE3340900C268FA;
			remoteInfo = yoga;
		};
		A2E13A24227098D9006EB068 /* PBXContainerItemProxy */ = {
			isa = PBXContainerItemProxy;
			containerPortal = A2E13A0B227098D9006EB068 /* React.xcodeproj */;
			proxyType = 2;
			remoteGlobalIDString = 3D3C06751DE3340C00C268FA;
			remoteInfo = "yoga-tvOS";
		};
		A2E13A26227098D9006EB068 /* PBXContainerItemProxy */ = {
			isa = PBXContainerItemProxy;
			containerPortal = A2E13A0B227098D9006EB068 /* React.xcodeproj */;
			proxyType = 2;
			remoteGlobalIDString = 3D3CD9251DE5FBEC00167DC4;
			remoteInfo = cxxreact;
		};
		A2E13A28227098D9006EB068 /* PBXContainerItemProxy */ = {
			isa = PBXContainerItemProxy;
			containerPortal = A2E13A0B227098D9006EB068 /* React.xcodeproj */;
			proxyType = 2;
			remoteGlobalIDString = 3D3CD9321DE5FBEE00167DC4;
			remoteInfo = "cxxreact-tvOS";
		};
		A2E13A2A227098D9006EB068 /* PBXContainerItemProxy */ = {
			isa = PBXContainerItemProxy;
			containerPortal = A2E13A0B227098D9006EB068 /* React.xcodeproj */;
			proxyType = 2;
			remoteGlobalIDString = EBF21BDC1FC498900052F4D5;
			remoteInfo = jsinspector;
		};
		A2E13A2C227098D9006EB068 /* PBXContainerItemProxy */ = {
			isa = PBXContainerItemProxy;
			containerPortal = A2E13A0B227098D9006EB068 /* React.xcodeproj */;
			proxyType = 2;
			remoteGlobalIDString = EBF21BFA1FC4989A0052F4D5;
			remoteInfo = "jsinspector-tvOS";
		};
		A2E13A2E227098D9006EB068 /* PBXContainerItemProxy */ = {
			isa = PBXContainerItemProxy;
			containerPortal = A2E13A0B227098D9006EB068 /* React.xcodeproj */;
			proxyType = 2;
			remoteGlobalIDString = 139D7ECE1E25DB7D00323FB7;
			remoteInfo = "third-party";
		};
		A2E13A30227098D9006EB068 /* PBXContainerItemProxy */ = {
			isa = PBXContainerItemProxy;
			containerPortal = A2E13A0B227098D9006EB068 /* React.xcodeproj */;
			proxyType = 2;
			remoteGlobalIDString = 3D383D3C1EBD27B6005632C8;
			remoteInfo = "third-party-tvOS";
		};
		A2E13A32227098D9006EB068 /* PBXContainerItemProxy */ = {
			isa = PBXContainerItemProxy;
			containerPortal = A2E13A0B227098D9006EB068 /* React.xcodeproj */;
			proxyType = 2;
			remoteGlobalIDString = 139D7E881E25C6D100323FB7;
			remoteInfo = "double-conversion";
		};
		A2E13A34227098D9006EB068 /* PBXContainerItemProxy */ = {
			isa = PBXContainerItemProxy;
			containerPortal = A2E13A0B227098D9006EB068 /* React.xcodeproj */;
			proxyType = 2;
			remoteGlobalIDString = 3D383D621EBD27B9005632C8;
			remoteInfo = "double-conversion-tvOS";
		};
		A2E13A36227098D9006EB068 /* PBXContainerItemProxy */ = {
			isa = PBXContainerItemProxy;
			containerPortal = A2E13A0B227098D9006EB068 /* React.xcodeproj */;
			proxyType = 2;
			remoteGlobalIDString = EDEBC6D6214B3E7000DD5AC8;
			remoteInfo = jsi;
		};
		A2E13A38227098D9006EB068 /* PBXContainerItemProxy */ = {
			isa = PBXContainerItemProxy;
			containerPortal = A2E13A0B227098D9006EB068 /* React.xcodeproj */;
			proxyType = 2;
			remoteGlobalIDString = EDEBC73B214B45A300DD5AC8;
			remoteInfo = jsiexecutor;
		};
		A2E13A3A227098D9006EB068 /* PBXContainerItemProxy */ = {
			isa = PBXContainerItemProxy;
			containerPortal = A2E13A0B227098D9006EB068 /* React.xcodeproj */;
			proxyType = 2;
			remoteGlobalIDString = ED296FB6214C9A0900B7C4FE;
			remoteInfo = "jsi-tvOS";
		};
		A2E13A3C227098D9006EB068 /* PBXContainerItemProxy */ = {
			isa = PBXContainerItemProxy;
			containerPortal = A2E13A0B227098D9006EB068 /* React.xcodeproj */;
			proxyType = 2;
			remoteGlobalIDString = ED296FEE214C9CF800B7C4FE;
			remoteInfo = "jsiexecutor-tvOS";
		};
		A2E13A43227099D0006EB068 /* PBXContainerItemProxy */ = {
			isa = PBXContainerItemProxy;
			containerPortal = A2E13A3E227099D0006EB068 /* RCTLinking.xcodeproj */;
			proxyType = 2;
			remoteGlobalIDString = 134814201AA4EA6300B7C361;
			remoteInfo = RCTLinking;
		};
		A2E13A45227099D0006EB068 /* PBXContainerItemProxy */ = {
			isa = PBXContainerItemProxy;
			containerPortal = A2E13A3E227099D0006EB068 /* RCTLinking.xcodeproj */;
			proxyType = 2;
			remoteGlobalIDString = 2D2A28471D9B043800D4039D;
			remoteInfo = "RCTLinking-tvOS";
		};
		A2E13A4F22709A75006EB068 /* PBXContainerItemProxy */ = {
			isa = PBXContainerItemProxy;
			containerPortal = A2E13A4822709A74006EB068 /* RCTWebSocket.xcodeproj */;
			proxyType = 2;
			remoteGlobalIDString = 3C86DF461ADF2C930047B81A;
			remoteInfo = RCTWebSocket;
		};
		A2E13A5122709A75006EB068 /* PBXContainerItemProxy */ = {
			isa = PBXContainerItemProxy;
			containerPortal = A2E13A4822709A74006EB068 /* RCTWebSocket.xcodeproj */;
			proxyType = 2;
			remoteGlobalIDString = 2D2A28881D9B049200D4039D;
			remoteInfo = "RCTWebSocket-tvOS";
		};
		A2E13A5322709A75006EB068 /* PBXContainerItemProxy */ = {
			isa = PBXContainerItemProxy;
			containerPortal = A2E13A4822709A74006EB068 /* RCTWebSocket.xcodeproj */;
			proxyType = 2;
			remoteGlobalIDString = 3DBE0D001F3B181A0099AA32;
			remoteInfo = fishhook;
		};
		A2E13A5522709A75006EB068 /* PBXContainerItemProxy */ = {
			isa = PBXContainerItemProxy;
			containerPortal = A2E13A4822709A74006EB068 /* RCTWebSocket.xcodeproj */;
			proxyType = 2;
			remoteGlobalIDString = 3DBE0D0D1F3B181C0099AA32;
			remoteInfo = "fishhook-tvOS";
		};
		A2E13A5D22709AE6006EB068 /* PBXContainerItemProxy */ = {
			isa = PBXContainerItemProxy;
			containerPortal = A2E13A5822709AE6006EB068 /* RCTImage.xcodeproj */;
			proxyType = 2;
			remoteGlobalIDString = 58B5115D1A9E6B3D00147676;
			remoteInfo = RCTImage;
		};
		A2E13A5F22709AE6006EB068 /* PBXContainerItemProxy */ = {
			isa = PBXContainerItemProxy;
			containerPortal = A2E13A5822709AE6006EB068 /* RCTImage.xcodeproj */;
			proxyType = 2;
			remoteGlobalIDString = 2D2A283A1D9B042B00D4039D;
			remoteInfo = "RCTImage-tvOS";
		};
		A2E13A8722709B8A006EB068 /* PBXContainerItemProxy */ = {
			isa = PBXContainerItemProxy;
			containerPortal = A2E13A8222709B8A006EB068 /* RCTText.xcodeproj */;
			proxyType = 2;
			remoteGlobalIDString = 58B5119B1A9E6C1200147676;
			remoteInfo = RCTText;
		};
		A2E13A8922709B8A006EB068 /* PBXContainerItemProxy */ = {
			isa = PBXContainerItemProxy;
			containerPortal = A2E13A8222709B8A006EB068 /* RCTText.xcodeproj */;
			proxyType = 2;
			remoteGlobalIDString = 2D2A287B1D9B048500D4039D;
			remoteInfo = "RCTText-tvOS";
		};
		A2E13A9122709C0C006EB068 /* PBXContainerItemProxy */ = {
			isa = PBXContainerItemProxy;
			containerPortal = A2E13A8C22709C0C006EB068 /* RCTAnimation.xcodeproj */;
			proxyType = 2;
			remoteGlobalIDString = 134814201AA4EA6300B7C361;
			remoteInfo = RCTAnimation;
		};
		A2E13A9322709C0C006EB068 /* PBXContainerItemProxy */ = {
			isa = PBXContainerItemProxy;
			containerPortal = A2E13A8C22709C0C006EB068 /* RCTAnimation.xcodeproj */;
			proxyType = 2;
			remoteGlobalIDString = 2D2A28201D9B03D100D4039D;
			remoteInfo = "RCTAnimation-tvOS";
		};
		A2E13AA422709FF7006EB068 /* PBXContainerItemProxy */ = {
			isa = PBXContainerItemProxy;
			containerPortal = A2E13AA022709FF7006EB068 /* RCTActionSheet.xcodeproj */;
			proxyType = 2;
			remoteGlobalIDString = 134814201AA4EA6300B7C361;
			remoteInfo = RCTActionSheet;
		};
		A2E13B242271E529006EB068 /* PBXContainerItemProxy */ = {
			isa = PBXContainerItemProxy;
			containerPortal = A2E13B182271E529006EB068 /* RCTNetwork.xcodeproj */;
			proxyType = 2;
			remoteGlobalIDString = 58B511DB1A9E6C8500147676;
			remoteInfo = RCTNetwork;
		};
		A2E13B262271E529006EB068 /* PBXContainerItemProxy */ = {
			isa = PBXContainerItemProxy;
			containerPortal = A2E13B182271E529006EB068 /* RCTNetwork.xcodeproj */;
			proxyType = 2;
			remoteGlobalIDString = 2D2A28541D9B044C00D4039D;
			remoteInfo = "RCTNetwork-tvOS";
		};
		A2E13B452271E54B006EB068 /* PBXContainerItemProxy */ = {
			isa = PBXContainerItemProxy;
			containerPortal = A2E13B412271E54A006EB068 /* RNCamera.xcodeproj */;
			proxyType = 2;
			remoteGlobalIDString = 4107012F1ACB723B00C6AA39;
			remoteInfo = RNCamera;
		};
		A2E13B4C2271E56C006EB068 /* PBXContainerItemProxy */ = {
			isa = PBXContainerItemProxy;
			containerPortal = A2E13B482271E56B006EB068 /* RNDiscovery.xcodeproj */;
			proxyType = 2;
			remoteGlobalIDString = 134814201AA4EA6300B7C361;
			remoteInfo = RNDiscovery;
		};
		A2E13B532271E590006EB068 /* PBXContainerItemProxy */ = {
			isa = PBXContainerItemProxy;
			containerPortal = A2E13B4F2271E590006EB068 /* Interactable.xcodeproj */;
			proxyType = 2;
			remoteGlobalIDString = CC0127971E3ACC3900B23C9F;
			remoteInfo = Interactable;
		};
		A2E13B5A2271E5BB006EB068 /* PBXContainerItemProxy */ = {
			isa = PBXContainerItemProxy;
			containerPortal = A2E13B562271E5BB006EB068 /* RNViewShot.xcodeproj */;
			proxyType = 2;
			remoteGlobalIDString = 134814201AA4EA6300B7C361;
			remoteInfo = RNViewShot;
		};
		A2E13B612271E5E0006EB068 /* PBXContainerItemProxy */ = {
			isa = PBXContainerItemProxy;
			containerPortal = A2E13B5D2271E5E0006EB068 /* RNShare.xcodeproj */;
			proxyType = 2;
			remoteGlobalIDString = 134814201AA4EA6300B7C361;
			remoteInfo = RNShare;
		};
		A2E13B692271E5F8006EB068 /* PBXContainerItemProxy */ = {
			isa = PBXContainerItemProxy;
			containerPortal = A2E13B642271E5F8006EB068 /* RNDeviceInfo.xcodeproj */;
			proxyType = 2;
			remoteGlobalIDString = DA5891D81BA9A9FC002B4DB2;
			remoteInfo = RNDeviceInfo;
		};
		A2E13B6B2271E5F8006EB068 /* PBXContainerItemProxy */ = {
			isa = PBXContainerItemProxy;
			containerPortal = A2E13B642271E5F8006EB068 /* RNDeviceInfo.xcodeproj */;
			proxyType = 2;
			remoteGlobalIDString = E72EC1401F7ABB5A0001BC90;
			remoteInfo = "RNDeviceInfo-tvOS";
		};
		A2E13B732271E612006EB068 /* PBXContainerItemProxy */ = {
			isa = PBXContainerItemProxy;
			containerPortal = A2E13B6E2271E612006EB068 /* BVLinearGradient.xcodeproj */;
			proxyType = 2;
			remoteGlobalIDString = 134814201AA4EA6300B7C361;
			remoteInfo = BVLinearGradient;
		};
		A2E13B752271E612006EB068 /* PBXContainerItemProxy */ = {
			isa = PBXContainerItemProxy;
			containerPortal = A2E13B6E2271E612006EB068 /* BVLinearGradient.xcodeproj */;
			proxyType = 2;
			remoteGlobalIDString = 64AA15081EF7F30100718508;
			remoteInfo = "BVLinearGradient-tvOS";
		};
		A2E13B7F2271E62B006EB068 /* PBXContainerItemProxy */ = {
			isa = PBXContainerItemProxy;
			containerPortal = A2E13B782271E62B006EB068 /* Lottie.xcodeproj */;
			proxyType = 2;
			remoteGlobalIDString = 62CA59B81E3C173B002D7188;
			remoteInfo = Lottie_iOS;
		};
		A2E13B812271E62B006EB068 /* PBXContainerItemProxy */ = {
			isa = PBXContainerItemProxy;
			containerPortal = A2E13B782271E62B006EB068 /* Lottie.xcodeproj */;
			proxyType = 2;
			remoteGlobalIDString = FAE1F7E61E428CBE002E0974;
			remoteInfo = Lottie_macOS;
		};
		A2E13B832271E62B006EB068 /* PBXContainerItemProxy */ = {
			isa = PBXContainerItemProxy;
			containerPortal = A2E13B782271E62B006EB068 /* Lottie.xcodeproj */;
			proxyType = 2;
			remoteGlobalIDString = 8C5379761FB471D100C1BC65;
			remoteInfo = Lottie_tvOS;
		};
		A2E13B852271E62B006EB068 /* PBXContainerItemProxy */ = {
			isa = PBXContainerItemProxy;
			containerPortal = A2E13B782271E62B006EB068 /* Lottie.xcodeproj */;
			proxyType = 2;
			remoteGlobalIDString = 84FE12EF1E4C1485009B157C;
			remoteInfo = LottieLibraryIOS;
		};
		A2E13B8C2271E650006EB068 /* PBXContainerItemProxy */ = {
			isa = PBXContainerItemProxy;
			containerPortal = A2E13B882271E650006EB068 /* LottieReactNative.xcodeproj */;
			proxyType = 2;
			remoteGlobalIDString = 11FA5C511C4A1296003AC2EE;
			remoteInfo = LottieReactNative;
		};
		A2E13B942273102C006EB068 /* PBXContainerItemProxy */ = {
			isa = PBXContainerItemProxy;
			containerPortal = A2E13B902273102B006EB068 /* RCTVibration.xcodeproj */;
			proxyType = 2;
			remoteGlobalIDString = 832C81801AAF6DEF007FA2F7;
			remoteInfo = RCTVibration;
		};
		E69D381C2145C7420087B6E3 /* PBXContainerItemProxy */ = {
			isa = PBXContainerItemProxy;
			containerPortal = E69D38182145C7420087B6E3 /* ReactNativeNavigation.xcodeproj */;
			proxyType = 2;
			remoteGlobalIDString = D8AFADBD1BEE6F3F00A4592D;
			remoteInfo = ReactNativeNavigation;
		};
/* End PBXContainerItemProxy section */

/* Begin PBXCopyFilesBuildPhase section */
		E66F3A4A2146DEE800CFAD56 /* Embed Frameworks */ = {
			isa = PBXCopyFilesBuildPhase;
			buildActionMask = 2147483647;
			dstPath = "";
			dstSubfolderSpec = 10;
			files = (
			);
			name = "Embed Frameworks";
			runOnlyForDeploymentPostprocessing = 0;
		};
/* End PBXCopyFilesBuildPhase section */

/* Begin PBXFileReference section */
		0090FC102ACF443BA5EB38FA /* libRNSensors.a */ = {isa = PBXFileReference; explicitFileType = undefined; fileEncoding = 9; includeInIndex = 0; lastKnownFileType = archive.ar; path = libRNSensors.a; sourceTree = "<group>"; };
		00E356EE1AD99517003FC87E /* XRPTipBotTests.xctest */ = {isa = PBXFileReference; explicitFileType = wrapper.cfbundle; includeInIndex = 0; path = XRPTipBotTests.xctest; sourceTree = BUILT_PRODUCTS_DIR; };
		00E356F11AD99517003FC87E /* Info.plist */ = {isa = PBXFileReference; lastKnownFileType = text.plist.xml; path = Info.plist; sourceTree = "<group>"; };
		00E356F21AD99517003FC87E /* XRPTipBotTests.m */ = {isa = PBXFileReference; lastKnownFileType = sourcecode.c.objc; path = XRPTipBotTests.m; sourceTree = "<group>"; };
		13B07F961A680F5B00A75B9A /* XRPTipBot.app */ = {isa = PBXFileReference; explicitFileType = wrapper.application; includeInIndex = 0; path = XRPTipBot.app; sourceTree = BUILT_PRODUCTS_DIR; };
		13B07FAF1A68108700A75B9A /* AppDelegate.h */ = {isa = PBXFileReference; fileEncoding = 4; lastKnownFileType = sourcecode.c.h; name = AppDelegate.h; path = XRPTipBot/AppDelegate.h; sourceTree = "<group>"; };
		13B07FB01A68108700A75B9A /* AppDelegate.m */ = {isa = PBXFileReference; fileEncoding = 4; lastKnownFileType = sourcecode.c.objc; name = AppDelegate.m; path = XRPTipBot/AppDelegate.m; sourceTree = "<group>"; };
		13B07FB51A68108700A75B9A /* Images.xcassets */ = {isa = PBXFileReference; lastKnownFileType = folder.assetcatalog; name = Images.xcassets; path = XRPTipBot/Images.xcassets; sourceTree = "<group>"; };
		13B07FB61A68108700A75B9A /* Info.plist */ = {isa = PBXFileReference; fileEncoding = 4; lastKnownFileType = text.plist.xml; name = Info.plist; path = XRPTipBot/Info.plist; sourceTree = "<group>"; };
		13B07FB71A68108700A75B9A /* main.m */ = {isa = PBXFileReference; fileEncoding = 4; lastKnownFileType = sourcecode.c.objc; name = main.m; path = XRPTipBot/main.m; sourceTree = "<group>"; };
		1E06C8884A1B254D429794BF /* Pods-XRPTipBot.release.xcconfig */ = {isa = PBXFileReference; includeInIndex = 1; lastKnownFileType = text.xcconfig; name = "Pods-XRPTipBot.release.xcconfig"; path = "Pods/Target Support Files/Pods-XRPTipBot/Pods-XRPTipBot.release.xcconfig"; sourceTree = "<group>"; };
		20F9876B5B51CF48184ECF72 /* libPods-XRPTipBot.a */ = {isa = PBXFileReference; explicitFileType = archive.ar; includeInIndex = 0; path = "libPods-XRPTipBot.a"; sourceTree = BUILT_PRODUCTS_DIR; };
		24F3484D214C1A2A00FA56A2 /* assets */ = {isa = PBXFileReference; lastKnownFileType = folder; name = assets; path = XRPTipBot/assets; sourceTree = "<group>"; };
		24F3484F214C1A3500FA56A2 /* main.jsbundle */ = {isa = PBXFileReference; fileEncoding = 4; lastKnownFileType = text; name = main.jsbundle; path = XRPTipBot/main.jsbundle; sourceTree = "<group>"; };
		2D02E47B1E0B4A5D006451C7 /* XRPTipBot-tvOS.app */ = {isa = PBXFileReference; explicitFileType = wrapper.application; includeInIndex = 0; path = "XRPTipBot-tvOS.app"; sourceTree = BUILT_PRODUCTS_DIR; };
		2D02E4901E0B4A5D006451C7 /* XRPTipBot-tvOSTests.xctest */ = {isa = PBXFileReference; explicitFileType = wrapper.cfbundle; includeInIndex = 0; path = "XRPTipBot-tvOSTests.xctest"; sourceTree = BUILT_PRODUCTS_DIR; };
		42F606C4CF964B59B315511D /* libLottieReactNative.a */ = {isa = PBXFileReference; explicitFileType = undefined; fileEncoding = 9; includeInIndex = 0; lastKnownFileType = archive.ar; path = libLottieReactNative.a; sourceTree = "<group>"; };
		63A7948E964A8906AEC14107 /* Pods-XRPTipBot.debug.xcconfig */ = {isa = PBXFileReference; includeInIndex = 1; lastKnownFileType = text.xcconfig; name = "Pods-XRPTipBot.debug.xcconfig"; path = "Pods/Target Support Files/Pods-XRPTipBot/Pods-XRPTipBot.debug.xcconfig"; sourceTree = "<group>"; };
		7AE276EF1793422F92FF5937 /* libRNCamera.a */ = {isa = PBXFileReference; explicitFileType = undefined; fileEncoding = 9; includeInIndex = 0; lastKnownFileType = archive.ar; path = libRNCamera.a; sourceTree = "<group>"; };
		A22CCF8E2195DB3400CBCAE0 /* RNFirebase.xcodeproj */ = {isa = PBXFileReference; lastKnownFileType = "wrapper.pb-project"; name = RNFirebase.xcodeproj; path = "../node_modules/react-native-firebase/ios/RNFirebase.xcodeproj"; sourceTree = "<group>"; };
		A22CCF972195DE7D00CBCAE0 /* XRPTipBot.entitlements */ = {isa = PBXFileReference; lastKnownFileType = text.plist.entitlements; name = XRPTipBot.entitlements; path = XRPTipBot/XRPTipBot.entitlements; sourceTree = "<group>"; };
		A22CCFA52195E7A300CBCAE0 /* UserNotifications.framework */ = {isa = PBXFileReference; lastKnownFileType = wrapper.framework; name = UserNotifications.framework; path = System/Library/Frameworks/UserNotifications.framework; sourceTree = SDKROOT; };
		A23957C3217DD61E00AEAF86 /* Social.framework */ = {isa = PBXFileReference; lastKnownFileType = wrapper.framework; name = Social.framework; path = System/Library/Frameworks/Social.framework; sourceTree = SDKROOT; };
		A23957C5217DD62C00AEAF86 /* MessageUI.framework */ = {isa = PBXFileReference; lastKnownFileType = wrapper.framework; name = MessageUI.framework; path = System/Library/Frameworks/MessageUI.framework; sourceTree = SDKROOT; };
		A29F88A72283172F005C3F00 /* GoogleService-Info.plist */ = {isa = PBXFileReference; fileEncoding = 4; lastKnownFileType = text.plist.xml; path = "GoogleService-Info.plist"; sourceTree = "<group>"; };
		A2E13A092270985B006EB068 /* libReact.a */ = {isa = PBXFileReference; explicitFileType = archive.ar; path = libReact.a; sourceTree = BUILT_PRODUCTS_DIR; };
		A2E13A0B227098D9006EB068 /* React.xcodeproj */ = {isa = PBXFileReference; lastKnownFileType = "wrapper.pb-project"; name = React.xcodeproj; path = "../node_modules/react-native/React/React.xcodeproj"; sourceTree = "<group>"; };
		A2E13A3E227099D0006EB068 /* RCTLinking.xcodeproj */ = {isa = PBXFileReference; lastKnownFileType = "wrapper.pb-project"; name = RCTLinking.xcodeproj; path = "../node_modules/react-native/Libraries/LinkingIOS/RCTLinking.xcodeproj"; sourceTree = "<group>"; };
		A2E13A4822709A74006EB068 /* RCTWebSocket.xcodeproj */ = {isa = PBXFileReference; lastKnownFileType = "wrapper.pb-project"; name = RCTWebSocket.xcodeproj; path = "../node_modules/react-native/Libraries/WebSocket/RCTWebSocket.xcodeproj"; sourceTree = "<group>"; };
		A2E13A5822709AE6006EB068 /* RCTImage.xcodeproj */ = {isa = PBXFileReference; lastKnownFileType = "wrapper.pb-project"; name = RCTImage.xcodeproj; path = "../node_modules/react-native/Libraries/Image/RCTImage.xcodeproj"; sourceTree = "<group>"; };
		A2E13A8222709B8A006EB068 /* RCTText.xcodeproj */ = {isa = PBXFileReference; lastKnownFileType = "wrapper.pb-project"; name = RCTText.xcodeproj; path = "../node_modules/react-native/Libraries/Text/RCTText.xcodeproj"; sourceTree = "<group>"; };
		A2E13A8C22709C0C006EB068 /* RCTAnimation.xcodeproj */ = {isa = PBXFileReference; lastKnownFileType = "wrapper.pb-project"; name = RCTAnimation.xcodeproj; path = "../node_modules/react-native/Libraries/NativeAnimation/RCTAnimation.xcodeproj"; sourceTree = "<group>"; };
		A2E13AA022709FF7006EB068 /* RCTActionSheet.xcodeproj */ = {isa = PBXFileReference; lastKnownFileType = "wrapper.pb-project"; name = RCTActionSheet.xcodeproj; path = "../node_modules/react-native/Libraries/ActionSheetIOS/RCTActionSheet.xcodeproj"; sourceTree = "<group>"; };
		A2E13B182271E529006EB068 /* RCTNetwork.xcodeproj */ = {isa = PBXFileReference; lastKnownFileType = "wrapper.pb-project"; name = RCTNetwork.xcodeproj; path = "../node_modules/react-native/Libraries/Network/RCTNetwork.xcodeproj"; sourceTree = "<group>"; };
		A2E13B412271E54A006EB068 /* RNCamera.xcodeproj */ = {isa = PBXFileReference; lastKnownFileType = "wrapper.pb-project"; name = RNCamera.xcodeproj; path = "../node_modules/react-native-camera/ios/RNCamera.xcodeproj"; sourceTree = "<group>"; };
		A2E13B482271E56B006EB068 /* RNDiscovery.xcodeproj */ = {isa = PBXFileReference; lastKnownFileType = "wrapper.pb-project"; name = RNDiscovery.xcodeproj; path = "../node_modules/react-native-discovery/ios/RNDiscovery.xcodeproj"; sourceTree = "<group>"; };
		A2E13B4F2271E590006EB068 /* Interactable.xcodeproj */ = {isa = PBXFileReference; lastKnownFileType = "wrapper.pb-project"; name = Interactable.xcodeproj; path = "../node_modules/react-native-interactable/lib/ios/Interactable.xcodeproj"; sourceTree = "<group>"; };
		A2E13B562271E5BB006EB068 /* RNViewShot.xcodeproj */ = {isa = PBXFileReference; lastKnownFileType = "wrapper.pb-project"; name = RNViewShot.xcodeproj; path = "../node_modules/react-native-view-shot/ios/RNViewShot.xcodeproj"; sourceTree = "<group>"; };
		A2E13B5D2271E5E0006EB068 /* RNShare.xcodeproj */ = {isa = PBXFileReference; lastKnownFileType = "wrapper.pb-project"; name = RNShare.xcodeproj; path = "../node_modules/react-native-share/ios/RNShare.xcodeproj"; sourceTree = "<group>"; };
		A2E13B642271E5F8006EB068 /* RNDeviceInfo.xcodeproj */ = {isa = PBXFileReference; lastKnownFileType = "wrapper.pb-project"; name = RNDeviceInfo.xcodeproj; path = "../node_modules/react-native-device-info/ios/RNDeviceInfo.xcodeproj"; sourceTree = "<group>"; };
		A2E13B6E2271E612006EB068 /* BVLinearGradient.xcodeproj */ = {isa = PBXFileReference; lastKnownFileType = "wrapper.pb-project"; name = BVLinearGradient.xcodeproj; path = "../node_modules/react-native-linear-gradient/BVLinearGradient.xcodeproj"; sourceTree = "<group>"; };
		A2E13B782271E62B006EB068 /* Lottie.xcodeproj */ = {isa = PBXFileReference; lastKnownFileType = "wrapper.pb-project"; name = Lottie.xcodeproj; path = "../node_modules/lottie-ios/Lottie.xcodeproj"; sourceTree = "<group>"; };
		A2E13B882271E650006EB068 /* LottieReactNative.xcodeproj */ = {isa = PBXFileReference; lastKnownFileType = "wrapper.pb-project"; name = LottieReactNative.xcodeproj; path = "../node_modules/lottie-react-native/src/ios/LottieReactNative.xcodeproj"; sourceTree = "<group>"; };
		A2E13B902273102B006EB068 /* RCTVibration.xcodeproj */ = {isa = PBXFileReference; lastKnownFileType = "wrapper.pb-project"; name = RCTVibration.xcodeproj; path = "../node_modules/react-native/Libraries/Vibration/RCTVibration.xcodeproj"; sourceTree = "<group>"; };
		A2EB177A2244EF9300898E9A /* JavaScriptCore.framework */ = {isa = PBXFileReference; lastKnownFileType = wrapper.framework; name = JavaScriptCore.framework; path = System/Library/Frameworks/JavaScriptCore.framework; sourceTree = SDKROOT; };
		E69D38182145C7420087B6E3 /* ReactNativeNavigation.xcodeproj */ = {isa = PBXFileReference; lastKnownFileType = "wrapper.pb-project"; name = ReactNativeNavigation.xcodeproj; path = "../node_modules/react-native-navigation/ios/ReactNativeNavigation.xcodeproj"; sourceTree = "<group>"; };
		EA16ACEA104946FCA2B0ECF4 /* libBVLinearGradient.a */ = {isa = PBXFileReference; explicitFileType = undefined; fileEncoding = 9; includeInIndex = 0; lastKnownFileType = archive.ar; path = libBVLinearGradient.a; sourceTree = "<group>"; };
/* End PBXFileReference section */

/* Begin PBXFrameworksBuildPhase section */
		00E356EB1AD99517003FC87E /* Frameworks */ = {
			isa = PBXFrameworksBuildPhase;
			buildActionMask = 2147483647;
			files = (
			);
			runOnlyForDeploymentPostprocessing = 0;
		};
		13B07F8C1A680F5B00A75B9A /* Frameworks */ = {
			isa = PBXFrameworksBuildPhase;
			buildActionMask = 2147483647;
			files = (
				A2EB177B2244EF9300898E9A /* JavaScriptCore.framework in Frameworks */,
				A22CCFA62195E7A300CBCAE0 /* UserNotifications.framework in Frameworks */,
				A23957C6217DD62C00AEAF86 /* MessageUI.framework in Frameworks */,
				A23957C4217DD61E00AEAF86 /* Social.framework in Frameworks */,
				A2E13B8F2271E762006EB068 /* libReact.a in Frameworks */,
				A2E13B402271E530006EB068 /* libRCTNetwork.a in Frameworks */,
				A2E13AA62270A000006EB068 /* libRCTActionSheet.a in Frameworks */,
				A2E13A9522709C15006EB068 /* libRCTAnimation.a in Frameworks */,
				A2E13A8B22709B8F006EB068 /* libRCTText.a in Frameworks */,
				A2E13A6122709AEB006EB068 /* libRCTImage.a in Frameworks */,
				A2E13A4722709A48006EB068 /* libRCTLinking.a in Frameworks */,
				A2E13A5722709A79006EB068 /* libRCTWebSocket.a in Frameworks */,
				E69D381E2145C77C0087B6E3 /* libReactNativeNavigation.a in Frameworks */,
				A22CCF942195DB4D00CBCAE0 /* libRNFirebase.a in Frameworks */,
				A2E13B472271E551006EB068 /* libRNCamera.a in Frameworks */,
				A2E13B962273107C006EB068 /* libRCTVibration.a in Frameworks */,
				A2E13B4E2271E570006EB068 /* libRNDiscovery.a in Frameworks */,
				A2E13B552271E5A8006EB068 /* libInteractable.a in Frameworks */,
				A2E13B5C2271E5C2006EB068 /* libRNViewShot.a in Frameworks */,
				A2E13B632271E5E5006EB068 /* libRNShare.a in Frameworks */,
				A2E13B6D2271E5FF006EB068 /* libRNDeviceInfo.a in Frameworks */,
				A2E13B772271E61A006EB068 /* libBVLinearGradient.a in Frameworks */,
				A2E13B872271E630006EB068 /* libLottie.a in Frameworks */,
				A2E13B8E2271E656006EB068 /* libLottieReactNative.a in Frameworks */,
				24206A171106FC23DF318155 /* libPods-XRPTipBot.a in Frameworks */,
			);
			runOnlyForDeploymentPostprocessing = 0;
		};
		2D02E4781E0B4A5D006451C7 /* Frameworks */ = {
			isa = PBXFrameworksBuildPhase;
			buildActionMask = 2147483647;
			files = (
			);
			runOnlyForDeploymentPostprocessing = 0;
		};
		2D02E48D1E0B4A5D006451C7 /* Frameworks */ = {
			isa = PBXFrameworksBuildPhase;
			buildActionMask = 2147483647;
			files = (
			);
			runOnlyForDeploymentPostprocessing = 0;
		};
/* End PBXFrameworksBuildPhase section */

/* Begin PBXGroup section */
		00E356EF1AD99517003FC87E /* XRPTipBotTests */ = {
			isa = PBXGroup;
			children = (
				00E356F21AD99517003FC87E /* XRPTipBotTests.m */,
				00E356F01AD99517003FC87E /* Supporting Files */,
			);
			path = XRPTipBotTests;
			sourceTree = "<group>";
		};
		00E356F01AD99517003FC87E /* Supporting Files */ = {
			isa = PBXGroup;
			children = (
				00E356F11AD99517003FC87E /* Info.plist */,
			);
			name = "Supporting Files";
			sourceTree = "<group>";
		};
		13B07FAE1A68108700A75B9A /* XRPTipBot */ = {
			isa = PBXGroup;
			children = (
				A29F88A72283172F005C3F00 /* GoogleService-Info.plist */,
				A22CCF972195DE7D00CBCAE0 /* XRPTipBot.entitlements */,
				24F3484F214C1A3500FA56A2 /* main.jsbundle */,
				24F3484D214C1A2A00FA56A2 /* assets */,
				13B07FAF1A68108700A75B9A /* AppDelegate.h */,
				13B07FB01A68108700A75B9A /* AppDelegate.m */,
				13B07FB51A68108700A75B9A /* Images.xcassets */,
				13B07FB61A68108700A75B9A /* Info.plist */,
				13B07FB71A68108700A75B9A /* main.m */,
			);
			name = XRPTipBot;
			sourceTree = "<group>";
		};
		24492C17214A8E62005D75E1 /* Frameworks */ = {
			isa = PBXGroup;
			children = (
				A2E13A092270985B006EB068 /* libReact.a */,
				A2EB177A2244EF9300898E9A /* JavaScriptCore.framework */,
				A22CCFA52195E7A300CBCAE0 /* UserNotifications.framework */,
				A23957C5217DD62C00AEAF86 /* MessageUI.framework */,
				A23957C3217DD61E00AEAF86 /* Social.framework */,
				20F9876B5B51CF48184ECF72 /* libPods-XRPTipBot.a */,
			);
			name = Frameworks;
			sourceTree = "<group>";
		};
		24ED7E1F214903D3009F18B0 /* Recovered References */ = {
			isa = PBXGroup;
			children = (
				EA16ACEA104946FCA2B0ECF4 /* libBVLinearGradient.a */,
				42F606C4CF964B59B315511D /* libLottieReactNative.a */,
				7AE276EF1793422F92FF5937 /* libRNCamera.a */,
				0090FC102ACF443BA5EB38FA /* libRNSensors.a */,
			);
			name = "Recovered References";
			sourceTree = "<group>";
		};
		832341AE1AAA6A7D00B99B32 /* Libraries */ = {
			isa = PBXGroup;
			children = (
				A2E13B902273102B006EB068 /* RCTVibration.xcodeproj */,
				A2E13B882271E650006EB068 /* LottieReactNative.xcodeproj */,
				A2E13B782271E62B006EB068 /* Lottie.xcodeproj */,
				A2E13B6E2271E612006EB068 /* BVLinearGradient.xcodeproj */,
				A2E13B642271E5F8006EB068 /* RNDeviceInfo.xcodeproj */,
				A2E13B5D2271E5E0006EB068 /* RNShare.xcodeproj */,
				A2E13B562271E5BB006EB068 /* RNViewShot.xcodeproj */,
				A2E13B4F2271E590006EB068 /* Interactable.xcodeproj */,
				A2E13B482271E56B006EB068 /* RNDiscovery.xcodeproj */,
				A2E13B412271E54A006EB068 /* RNCamera.xcodeproj */,
				A2E13B182271E529006EB068 /* RCTNetwork.xcodeproj */,
				A2E13AA022709FF7006EB068 /* RCTActionSheet.xcodeproj */,
				A2E13A8C22709C0C006EB068 /* RCTAnimation.xcodeproj */,
				A2E13A8222709B8A006EB068 /* RCTText.xcodeproj */,
				A2E13A5822709AE6006EB068 /* RCTImage.xcodeproj */,
				A2E13A4822709A74006EB068 /* RCTWebSocket.xcodeproj */,
				A2E13A3E227099D0006EB068 /* RCTLinking.xcodeproj */,
				A2E13A0B227098D9006EB068 /* React.xcodeproj */,
				A22CCF8E2195DB3400CBCAE0 /* RNFirebase.xcodeproj */,
				E69D38182145C7420087B6E3 /* ReactNativeNavigation.xcodeproj */,
			);
			name = Libraries;
			sourceTree = "<group>";
		};
		83CBB9F61A601CBA00E9B192 = {
			isa = PBXGroup;
			children = (
				13B07FAE1A68108700A75B9A /* XRPTipBot */,
				832341AE1AAA6A7D00B99B32 /* Libraries */,
				00E356EF1AD99517003FC87E /* XRPTipBotTests */,
				83CBBA001A601CBA00E9B192 /* Products */,
				E178636895424A849A8F377C /* Resources */,
				24ED7E1F214903D3009F18B0 /* Recovered References */,
				24492C17214A8E62005D75E1 /* Frameworks */,
				F0275E04E02D756A00056F79 /* Pods */,
			);
			indentWidth = 2;
			sourceTree = "<group>";
			tabWidth = 2;
			usesTabs = 0;
		};
		83CBBA001A601CBA00E9B192 /* Products */ = {
			isa = PBXGroup;
			children = (
				13B07F961A680F5B00A75B9A /* XRPTipBot.app */,
				00E356EE1AD99517003FC87E /* XRPTipBotTests.xctest */,
				2D02E47B1E0B4A5D006451C7 /* XRPTipBot-tvOS.app */,
				2D02E4901E0B4A5D006451C7 /* XRPTipBot-tvOSTests.xctest */,
			);
			name = Products;
			sourceTree = "<group>";
		};
		A22CCF8F2195DB3400CBCAE0 /* Products */ = {
			isa = PBXGroup;
			children = (
				A22CCF932195DB3500CBCAE0 /* libRNFirebase.a */,
			);
			name = Products;
			sourceTree = "<group>";
		};
		A2E13A0C227098D9006EB068 /* Products */ = {
			isa = PBXGroup;
			children = (
				A2E13A1F227098D9006EB068 /* libReact.a */,
				A2E13A21227098D9006EB068 /* libReact.a */,
				A2E13A23227098D9006EB068 /* libyoga.a */,
				A2E13A25227098D9006EB068 /* libyoga.a */,
				A2E13A27227098D9006EB068 /* libcxxreact.a */,
				A2E13A29227098D9006EB068 /* libcxxreact.a */,
				A2E13A2B227098D9006EB068 /* libjsinspector.a */,
				A2E13A2D227098D9006EB068 /* libjsinspector-tvOS.a */,
				A2E13A2F227098D9006EB068 /* libthird-party.a */,
				A2E13A31227098D9006EB068 /* libthird-party.a */,
				A2E13A33227098D9006EB068 /* libdouble-conversion.a */,
				A2E13A35227098D9006EB068 /* libdouble-conversion.a */,
				A2E13A37227098D9006EB068 /* libjsi.a */,
				A2E13A39227098D9006EB068 /* libjsiexecutor.a */,
				A2E13A3B227098D9006EB068 /* libjsi-tvOS.a */,
				A2E13A3D227098D9006EB068 /* libjsiexecutor-tvOS.a */,
			);
			name = Products;
			sourceTree = "<group>";
		};
		A2E13A3F227099D0006EB068 /* Products */ = {
			isa = PBXGroup;
			children = (
				A2E13A44227099D0006EB068 /* libRCTLinking.a */,
				A2E13A46227099D0006EB068 /* libRCTLinking-tvOS.a */,
			);
			name = Products;
			sourceTree = "<group>";
		};
		A2E13A4922709A74006EB068 /* Products */ = {
			isa = PBXGroup;
			children = (
				A2E13A5022709A75006EB068 /* libRCTWebSocket.a */,
				A2E13A5222709A75006EB068 /* libRCTWebSocket-tvOS.a */,
				A2E13A5422709A75006EB068 /* libfishhook.a */,
				A2E13A5622709A75006EB068 /* libfishhook-tvOS.a */,
			);
			name = Products;
			sourceTree = "<group>";
		};
		A2E13A5922709AE6006EB068 /* Products */ = {
			isa = PBXGroup;
			children = (
				A2E13A5E22709AE6006EB068 /* libRCTImage.a */,
				A2E13A6022709AE6006EB068 /* libRCTImage-tvOS.a */,
			);
			name = Products;
			sourceTree = "<group>";
		};
		A2E13A8322709B8A006EB068 /* Products */ = {
			isa = PBXGroup;
			children = (
				A2E13A8822709B8A006EB068 /* libRCTText.a */,
				A2E13A8A22709B8A006EB068 /* libRCTText-tvOS.a */,
			);
			name = Products;
			sourceTree = "<group>";
		};
		A2E13A8D22709C0C006EB068 /* Products */ = {
			isa = PBXGroup;
			children = (
				A2E13A9222709C0C006EB068 /* libRCTAnimation.a */,
				A2E13A9422709C0C006EB068 /* libRCTAnimation.a */,
			);
			name = Products;
			sourceTree = "<group>";
		};
		A2E13AA122709FF7006EB068 /* Products */ = {
			isa = PBXGroup;
			children = (
				A2E13AA522709FF7006EB068 /* libRCTActionSheet.a */,
			);
			name = Products;
			sourceTree = "<group>";
		};
		A2E13B192271E529006EB068 /* Products */ = {
			isa = PBXGroup;
			children = (
				A2E13B252271E529006EB068 /* libRCTNetwork.a */,
				A2E13B272271E529006EB068 /* libRCTNetwork-tvOS.a */,
			);
			name = Products;
			sourceTree = "<group>";
		};
		A2E13B422271E54A006EB068 /* Products */ = {
			isa = PBXGroup;
			children = (
				A2E13B462271E54B006EB068 /* libRNCamera.a */,
			);
			name = Products;
			sourceTree = "<group>";
		};
		A2E13B492271E56B006EB068 /* Products */ = {
			isa = PBXGroup;
			children = (
				A2E13B4D2271E56C006EB068 /* libRNDiscovery.a */,
			);
			name = Products;
			sourceTree = "<group>";
		};
		A2E13B502271E590006EB068 /* Products */ = {
			isa = PBXGroup;
			children = (
				A2E13B542271E590006EB068 /* libInteractable.a */,
			);
			name = Products;
			sourceTree = "<group>";
		};
		A2E13B572271E5BB006EB068 /* Products */ = {
			isa = PBXGroup;
			children = (
				A2E13B5B2271E5BB006EB068 /* libRNViewShot.a */,
			);
			name = Products;
			sourceTree = "<group>";
		};
		A2E13B5E2271E5E0006EB068 /* Products */ = {
			isa = PBXGroup;
			children = (
				A2E13B622271E5E0006EB068 /* libRNShare.a */,
			);
			name = Products;
			sourceTree = "<group>";
		};
		A2E13B652271E5F8006EB068 /* Products */ = {
			isa = PBXGroup;
			children = (
				A2E13B6A2271E5F8006EB068 /* libRNDeviceInfo.a */,
				A2E13B6C2271E5F8006EB068 /* libRNDeviceInfo-tvOS.a */,
			);
			name = Products;
			sourceTree = "<group>";
		};
		A2E13B6F2271E612006EB068 /* Products */ = {
			isa = PBXGroup;
			children = (
				A2E13B742271E612006EB068 /* libBVLinearGradient.a */,
				A2E13B762271E612006EB068 /* libBVLinearGradient.a */,
			);
			name = Products;
			sourceTree = "<group>";
		};
		A2E13B792271E62B006EB068 /* Products */ = {
			isa = PBXGroup;
			children = (
				A2E13B802271E62B006EB068 /* Lottie.framework */,
				A2E13B822271E62B006EB068 /* Lottie.framework */,
				A2E13B842271E62B006EB068 /* Lottie.framework */,
				A2E13B862271E62B006EB068 /* libLottie.a */,
			);
			name = Products;
			sourceTree = "<group>";
		};
		A2E13B892271E650006EB068 /* Products */ = {
			isa = PBXGroup;
			children = (
				A2E13B8D2271E650006EB068 /* libLottieReactNative.a */,
			);
			name = Products;
			sourceTree = "<group>";
		};
		A2E13B912273102B006EB068 /* Products */ = {
			isa = PBXGroup;
			children = (
				A2E13B952273102C006EB068 /* libRCTVibration.a */,
			);
			name = Products;
			sourceTree = "<group>";
		};
		E178636895424A849A8F377C /* Resources */ = {
			isa = PBXGroup;
			children = (
			);
			name = Resources;
			sourceTree = "<group>";
		};
		E69D38192145C7420087B6E3 /* Products */ = {
			isa = PBXGroup;
			children = (
				E69D381D2145C7420087B6E3 /* libReactNativeNavigation.a */,
			);
			name = Products;
			sourceTree = "<group>";
		};
		F0275E04E02D756A00056F79 /* Pods */ = {
			isa = PBXGroup;
			children = (
				63A7948E964A8906AEC14107 /* Pods-XRPTipBot.debug.xcconfig */,
				1E06C8884A1B254D429794BF /* Pods-XRPTipBot.release.xcconfig */,
			);
			name = Pods;
			sourceTree = "<group>";
		};
/* End PBXGroup section */

/* Begin PBXNativeTarget section */
		00E356ED1AD99517003FC87E /* XRPTipBotTests */ = {
			isa = PBXNativeTarget;
			buildConfigurationList = 00E357021AD99517003FC87E /* Build configuration list for PBXNativeTarget "XRPTipBotTests" */;
			buildPhases = (
				00E356EA1AD99517003FC87E /* Sources */,
				00E356EB1AD99517003FC87E /* Frameworks */,
				00E356EC1AD99517003FC87E /* Resources */,
			);
			buildRules = (
			);
			dependencies = (
				00E356F51AD99517003FC87E /* PBXTargetDependency */,
			);
			name = XRPTipBotTests;
			productName = XRPTipBotTests;
			productReference = 00E356EE1AD99517003FC87E /* XRPTipBotTests.xctest */;
			productType = "com.apple.product-type.bundle.unit-test";
		};
		13B07F861A680F5B00A75B9A /* XRPTipBot */ = {
			isa = PBXNativeTarget;
			buildConfigurationList = 13B07F931A680F5B00A75B9A /* Build configuration list for PBXNativeTarget "XRPTipBot" */;
			buildPhases = (
				EC1AFD702EA0AF3253B60683 /* [CP] Check Pods Manifest.lock */,
				13B07F871A680F5B00A75B9A /* Sources */,
				13B07F8C1A680F5B00A75B9A /* Frameworks */,
				13B07F8E1A680F5B00A75B9A /* Resources */,
				E66F3A4A2146DEE800CFAD56 /* Embed Frameworks */,
				A237F11A225CBD9F000FE549 /* Run Script */,
			);
			buildRules = (
			);
			dependencies = (
			);
			name = XRPTipBot;
			productName = "Hello World";
			productReference = 13B07F961A680F5B00A75B9A /* XRPTipBot.app */;
			productType = "com.apple.product-type.application";
		};
		2D02E47A1E0B4A5D006451C7 /* XRPTipBot-tvOS */ = {
			isa = PBXNativeTarget;
			buildConfigurationList = 2D02E4BA1E0B4A5E006451C7 /* Build configuration list for PBXNativeTarget "XRPTipBot-tvOS" */;
			buildPhases = (
				2D02E4771E0B4A5D006451C7 /* Sources */,
				2D02E4781E0B4A5D006451C7 /* Frameworks */,
				2D02E4791E0B4A5D006451C7 /* Resources */,
				2D02E4CB1E0B4B27006451C7 /* Bundle React Native Code And Images */,
			);
			buildRules = (
			);
			dependencies = (
			);
			name = "XRPTipBot-tvOS";
			productName = "XRPTipBot-tvOS";
			productReference = 2D02E47B1E0B4A5D006451C7 /* XRPTipBot-tvOS.app */;
			productType = "com.apple.product-type.application";
		};
		2D02E48F1E0B4A5D006451C7 /* XRPTipBot-tvOSTests */ = {
			isa = PBXNativeTarget;
			buildConfigurationList = 2D02E4BB1E0B4A5E006451C7 /* Build configuration list for PBXNativeTarget "XRPTipBot-tvOSTests" */;
			buildPhases = (
				2D02E48C1E0B4A5D006451C7 /* Sources */,
				2D02E48D1E0B4A5D006451C7 /* Frameworks */,
				2D02E48E1E0B4A5D006451C7 /* Resources */,
			);
			buildRules = (
			);
			dependencies = (
				2D02E4921E0B4A5D006451C7 /* PBXTargetDependency */,
			);
			name = "XRPTipBot-tvOSTests";
			productName = "XRPTipBot-tvOSTests";
			productReference = 2D02E4901E0B4A5D006451C7 /* XRPTipBot-tvOSTests.xctest */;
			productType = "com.apple.product-type.bundle.unit-test";
		};
/* End PBXNativeTarget section */

/* Begin PBXProject section */
		83CBB9F71A601CBA00E9B192 /* Project object */ = {
			isa = PBXProject;
			attributes = {
				LastUpgradeCheck = 610;
				ORGANIZATIONNAME = Facebook;
				TargetAttributes = {
					00E356ED1AD99517003FC87E = {
						CreatedOnToolsVersion = 6.2;
						DevelopmentTeam = K7X4VU7872;
						TestTargetID = 13B07F861A680F5B00A75B9A;
					};
					13B07F861A680F5B00A75B9A = {
						DevelopmentTeam = K7X4VU7872;
						ProvisioningStyle = Automatic;
						SystemCapabilities = {
							com.apple.BackgroundModes = {
								enabled = 1;
							};
							com.apple.Push = {
								enabled = 1;
							};
						};
					};
					2D02E47A1E0B4A5D006451C7 = {
						CreatedOnToolsVersion = 8.2.1;
						ProvisioningStyle = Automatic;
					};
					2D02E48F1E0B4A5D006451C7 = {
						CreatedOnToolsVersion = 8.2.1;
						ProvisioningStyle = Automatic;
						TestTargetID = 2D02E47A1E0B4A5D006451C7;
					};
				};
			};
			buildConfigurationList = 83CBB9FA1A601CBA00E9B192 /* Build configuration list for PBXProject "XRPTipBot" */;
			compatibilityVersion = "Xcode 3.2";
			developmentRegion = English;
			hasScannedForEncodings = 0;
			knownRegions = (
				English,
				en,
				Base,
			);
			mainGroup = 83CBB9F61A601CBA00E9B192;
			productRefGroup = 83CBBA001A601CBA00E9B192 /* Products */;
			projectDirPath = "";
			projectReferences = (
				{
					ProductGroup = A2E13B6F2271E612006EB068 /* Products */;
					ProjectRef = A2E13B6E2271E612006EB068 /* BVLinearGradient.xcodeproj */;
				},
				{
					ProductGroup = A2E13B502271E590006EB068 /* Products */;
					ProjectRef = A2E13B4F2271E590006EB068 /* Interactable.xcodeproj */;
				},
				{
					ProductGroup = A2E13B792271E62B006EB068 /* Products */;
					ProjectRef = A2E13B782271E62B006EB068 /* Lottie.xcodeproj */;
				},
				{
					ProductGroup = A2E13B892271E650006EB068 /* Products */;
					ProjectRef = A2E13B882271E650006EB068 /* LottieReactNative.xcodeproj */;
				},
				{
					ProductGroup = A2E13AA122709FF7006EB068 /* Products */;
					ProjectRef = A2E13AA022709FF7006EB068 /* RCTActionSheet.xcodeproj */;
				},
				{
					ProductGroup = A2E13A8D22709C0C006EB068 /* Products */;
					ProjectRef = A2E13A8C22709C0C006EB068 /* RCTAnimation.xcodeproj */;
				},
				{
					ProductGroup = A2E13A5922709AE6006EB068 /* Products */;
					ProjectRef = A2E13A5822709AE6006EB068 /* RCTImage.xcodeproj */;
				},
				{
					ProductGroup = A2E13A3F227099D0006EB068 /* Products */;
					ProjectRef = A2E13A3E227099D0006EB068 /* RCTLinking.xcodeproj */;
				},
				{
					ProductGroup = A2E13B192271E529006EB068 /* Products */;
					ProjectRef = A2E13B182271E529006EB068 /* RCTNetwork.xcodeproj */;
				},
				{
					ProductGroup = A2E13A8322709B8A006EB068 /* Products */;
					ProjectRef = A2E13A8222709B8A006EB068 /* RCTText.xcodeproj */;
				},
				{
					ProductGroup = A2E13B912273102B006EB068 /* Products */;
					ProjectRef = A2E13B902273102B006EB068 /* RCTVibration.xcodeproj */;
				},
				{
					ProductGroup = A2E13A4922709A74006EB068 /* Products */;
					ProjectRef = A2E13A4822709A74006EB068 /* RCTWebSocket.xcodeproj */;
				},
				{
					ProductGroup = A2E13A0C227098D9006EB068 /* Products */;
					ProjectRef = A2E13A0B227098D9006EB068 /* React.xcodeproj */;
				},
				{
					ProductGroup = E69D38192145C7420087B6E3 /* Products */;
					ProjectRef = E69D38182145C7420087B6E3 /* ReactNativeNavigation.xcodeproj */;
				},
				{
					ProductGroup = A2E13B422271E54A006EB068 /* Products */;
					ProjectRef = A2E13B412271E54A006EB068 /* RNCamera.xcodeproj */;
				},
				{
					ProductGroup = A2E13B652271E5F8006EB068 /* Products */;
					ProjectRef = A2E13B642271E5F8006EB068 /* RNDeviceInfo.xcodeproj */;
				},
				{
					ProductGroup = A2E13B492271E56B006EB068 /* Products */;
					ProjectRef = A2E13B482271E56B006EB068 /* RNDiscovery.xcodeproj */;
				},
				{
					ProductGroup = A22CCF8F2195DB3400CBCAE0 /* Products */;
					ProjectRef = A22CCF8E2195DB3400CBCAE0 /* RNFirebase.xcodeproj */;
				},
				{
					ProductGroup = A2E13B5E2271E5E0006EB068 /* Products */;
					ProjectRef = A2E13B5D2271E5E0006EB068 /* RNShare.xcodeproj */;
				},
				{
					ProductGroup = A2E13B572271E5BB006EB068 /* Products */;
					ProjectRef = A2E13B562271E5BB006EB068 /* RNViewShot.xcodeproj */;
				},
			);
			projectRoot = "";
			targets = (
				13B07F861A680F5B00A75B9A /* XRPTipBot */,
				00E356ED1AD99517003FC87E /* XRPTipBotTests */,
				2D02E47A1E0B4A5D006451C7 /* XRPTipBot-tvOS */,
				2D02E48F1E0B4A5D006451C7 /* XRPTipBot-tvOSTests */,
			);
		};
/* End PBXProject section */

/* Begin PBXReferenceProxy section */
		A22CCF932195DB3500CBCAE0 /* libRNFirebase.a */ = {
			isa = PBXReferenceProxy;
			fileType = archive.ar;
			path = libRNFirebase.a;
			remoteRef = A22CCF922195DB3500CBCAE0 /* PBXContainerItemProxy */;
			sourceTree = BUILT_PRODUCTS_DIR;
		};
		A2E13A1F227098D9006EB068 /* libReact.a */ = {
			isa = PBXReferenceProxy;
			fileType = archive.ar;
			path = libReact.a;
			remoteRef = A2E13A1E227098D9006EB068 /* PBXContainerItemProxy */;
			sourceTree = BUILT_PRODUCTS_DIR;
		};
		A2E13A21227098D9006EB068 /* libReact.a */ = {
			isa = PBXReferenceProxy;
			fileType = archive.ar;
			path = libReact.a;
			remoteRef = A2E13A20227098D9006EB068 /* PBXContainerItemProxy */;
			sourceTree = BUILT_PRODUCTS_DIR;
		};
		A2E13A23227098D9006EB068 /* libyoga.a */ = {
			isa = PBXReferenceProxy;
			fileType = archive.ar;
			path = libyoga.a;
			remoteRef = A2E13A22227098D9006EB068 /* PBXContainerItemProxy */;
			sourceTree = BUILT_PRODUCTS_DIR;
		};
		A2E13A25227098D9006EB068 /* libyoga.a */ = {
			isa = PBXReferenceProxy;
			fileType = archive.ar;
			path = libyoga.a;
			remoteRef = A2E13A24227098D9006EB068 /* PBXContainerItemProxy */;
			sourceTree = BUILT_PRODUCTS_DIR;
		};
		A2E13A27227098D9006EB068 /* libcxxreact.a */ = {
			isa = PBXReferenceProxy;
			fileType = archive.ar;
			path = libcxxreact.a;
			remoteRef = A2E13A26227098D9006EB068 /* PBXContainerItemProxy */;
			sourceTree = BUILT_PRODUCTS_DIR;
		};
		A2E13A29227098D9006EB068 /* libcxxreact.a */ = {
			isa = PBXReferenceProxy;
			fileType = archive.ar;
			path = libcxxreact.a;
			remoteRef = A2E13A28227098D9006EB068 /* PBXContainerItemProxy */;
			sourceTree = BUILT_PRODUCTS_DIR;
		};
		A2E13A2B227098D9006EB068 /* libjsinspector.a */ = {
			isa = PBXReferenceProxy;
			fileType = archive.ar;
			path = libjsinspector.a;
			remoteRef = A2E13A2A227098D9006EB068 /* PBXContainerItemProxy */;
			sourceTree = BUILT_PRODUCTS_DIR;
		};
		A2E13A2D227098D9006EB068 /* libjsinspector-tvOS.a */ = {
			isa = PBXReferenceProxy;
			fileType = archive.ar;
			path = "libjsinspector-tvOS.a";
			remoteRef = A2E13A2C227098D9006EB068 /* PBXContainerItemProxy */;
			sourceTree = BUILT_PRODUCTS_DIR;
		};
		A2E13A2F227098D9006EB068 /* libthird-party.a */ = {
			isa = PBXReferenceProxy;
			fileType = archive.ar;
			path = "libthird-party.a";
			remoteRef = A2E13A2E227098D9006EB068 /* PBXContainerItemProxy */;
			sourceTree = BUILT_PRODUCTS_DIR;
		};
		A2E13A31227098D9006EB068 /* libthird-party.a */ = {
			isa = PBXReferenceProxy;
			fileType = archive.ar;
			path = "libthird-party.a";
			remoteRef = A2E13A30227098D9006EB068 /* PBXContainerItemProxy */;
			sourceTree = BUILT_PRODUCTS_DIR;
		};
		A2E13A33227098D9006EB068 /* libdouble-conversion.a */ = {
			isa = PBXReferenceProxy;
			fileType = archive.ar;
			path = "libdouble-conversion.a";
			remoteRef = A2E13A32227098D9006EB068 /* PBXContainerItemProxy */;
			sourceTree = BUILT_PRODUCTS_DIR;
		};
		A2E13A35227098D9006EB068 /* libdouble-conversion.a */ = {
			isa = PBXReferenceProxy;
			fileType = archive.ar;
			path = "libdouble-conversion.a";
			remoteRef = A2E13A34227098D9006EB068 /* PBXContainerItemProxy */;
			sourceTree = BUILT_PRODUCTS_DIR;
		};
		A2E13A37227098D9006EB068 /* libjsi.a */ = {
			isa = PBXReferenceProxy;
			fileType = archive.ar;
			path = libjsi.a;
			remoteRef = A2E13A36227098D9006EB068 /* PBXContainerItemProxy */;
			sourceTree = BUILT_PRODUCTS_DIR;
		};
		A2E13A39227098D9006EB068 /* libjsiexecutor.a */ = {
			isa = PBXReferenceProxy;
			fileType = archive.ar;
			path = libjsiexecutor.a;
			remoteRef = A2E13A38227098D9006EB068 /* PBXContainerItemProxy */;
			sourceTree = BUILT_PRODUCTS_DIR;
		};
		A2E13A3B227098D9006EB068 /* libjsi-tvOS.a */ = {
			isa = PBXReferenceProxy;
			fileType = archive.ar;
			path = "libjsi-tvOS.a";
			remoteRef = A2E13A3A227098D9006EB068 /* PBXContainerItemProxy */;
			sourceTree = BUILT_PRODUCTS_DIR;
		};
		A2E13A3D227098D9006EB068 /* libjsiexecutor-tvOS.a */ = {
			isa = PBXReferenceProxy;
			fileType = archive.ar;
			path = "libjsiexecutor-tvOS.a";
			remoteRef = A2E13A3C227098D9006EB068 /* PBXContainerItemProxy */;
			sourceTree = BUILT_PRODUCTS_DIR;
		};
		A2E13A44227099D0006EB068 /* libRCTLinking.a */ = {
			isa = PBXReferenceProxy;
			fileType = archive.ar;
			path = libRCTLinking.a;
			remoteRef = A2E13A43227099D0006EB068 /* PBXContainerItemProxy */;
			sourceTree = BUILT_PRODUCTS_DIR;
		};
		A2E13A46227099D0006EB068 /* libRCTLinking-tvOS.a */ = {
			isa = PBXReferenceProxy;
			fileType = archive.ar;
			path = "libRCTLinking-tvOS.a";
			remoteRef = A2E13A45227099D0006EB068 /* PBXContainerItemProxy */;
			sourceTree = BUILT_PRODUCTS_DIR;
		};
		A2E13A5022709A75006EB068 /* libRCTWebSocket.a */ = {
			isa = PBXReferenceProxy;
			fileType = archive.ar;
			path = libRCTWebSocket.a;
			remoteRef = A2E13A4F22709A75006EB068 /* PBXContainerItemProxy */;
			sourceTree = BUILT_PRODUCTS_DIR;
		};
		A2E13A5222709A75006EB068 /* libRCTWebSocket-tvOS.a */ = {
			isa = PBXReferenceProxy;
			fileType = archive.ar;
			path = "libRCTWebSocket-tvOS.a";
			remoteRef = A2E13A5122709A75006EB068 /* PBXContainerItemProxy */;
			sourceTree = BUILT_PRODUCTS_DIR;
		};
		A2E13A5422709A75006EB068 /* libfishhook.a */ = {
			isa = PBXReferenceProxy;
			fileType = archive.ar;
			path = libfishhook.a;
			remoteRef = A2E13A5322709A75006EB068 /* PBXContainerItemProxy */;
			sourceTree = BUILT_PRODUCTS_DIR;
		};
		A2E13A5622709A75006EB068 /* libfishhook-tvOS.a */ = {
			isa = PBXReferenceProxy;
			fileType = archive.ar;
			path = "libfishhook-tvOS.a";
			remoteRef = A2E13A5522709A75006EB068 /* PBXContainerItemProxy */;
			sourceTree = BUILT_PRODUCTS_DIR;
		};
		A2E13A5E22709AE6006EB068 /* libRCTImage.a */ = {
			isa = PBXReferenceProxy;
			fileType = archive.ar;
			path = libRCTImage.a;
			remoteRef = A2E13A5D22709AE6006EB068 /* PBXContainerItemProxy */;
			sourceTree = BUILT_PRODUCTS_DIR;
		};
		A2E13A6022709AE6006EB068 /* libRCTImage-tvOS.a */ = {
			isa = PBXReferenceProxy;
			fileType = archive.ar;
			path = "libRCTImage-tvOS.a";
			remoteRef = A2E13A5F22709AE6006EB068 /* PBXContainerItemProxy */;
			sourceTree = BUILT_PRODUCTS_DIR;
		};
		A2E13A8822709B8A006EB068 /* libRCTText.a */ = {
			isa = PBXReferenceProxy;
			fileType = archive.ar;
			path = libRCTText.a;
			remoteRef = A2E13A8722709B8A006EB068 /* PBXContainerItemProxy */;
			sourceTree = BUILT_PRODUCTS_DIR;
		};
		A2E13A8A22709B8A006EB068 /* libRCTText-tvOS.a */ = {
			isa = PBXReferenceProxy;
			fileType = archive.ar;
			path = "libRCTText-tvOS.a";
			remoteRef = A2E13A8922709B8A006EB068 /* PBXContainerItemProxy */;
			sourceTree = BUILT_PRODUCTS_DIR;
		};
		A2E13A9222709C0C006EB068 /* libRCTAnimation.a */ = {
			isa = PBXReferenceProxy;
			fileType = archive.ar;
			path = libRCTAnimation.a;
			remoteRef = A2E13A9122709C0C006EB068 /* PBXContainerItemProxy */;
			sourceTree = BUILT_PRODUCTS_DIR;
		};
		A2E13A9422709C0C006EB068 /* libRCTAnimation.a */ = {
			isa = PBXReferenceProxy;
			fileType = archive.ar;
			path = libRCTAnimation.a;
			remoteRef = A2E13A9322709C0C006EB068 /* PBXContainerItemProxy */;
			sourceTree = BUILT_PRODUCTS_DIR;
		};
		A2E13AA522709FF7006EB068 /* libRCTActionSheet.a */ = {
			isa = PBXReferenceProxy;
			fileType = archive.ar;
			path = libRCTActionSheet.a;
			remoteRef = A2E13AA422709FF7006EB068 /* PBXContainerItemProxy */;
			sourceTree = BUILT_PRODUCTS_DIR;
		};
		A2E13B252271E529006EB068 /* libRCTNetwork.a */ = {
			isa = PBXReferenceProxy;
			fileType = archive.ar;
			path = libRCTNetwork.a;
			remoteRef = A2E13B242271E529006EB068 /* PBXContainerItemProxy */;
			sourceTree = BUILT_PRODUCTS_DIR;
		};
		A2E13B272271E529006EB068 /* libRCTNetwork-tvOS.a */ = {
			isa = PBXReferenceProxy;
			fileType = archive.ar;
			path = "libRCTNetwork-tvOS.a";
			remoteRef = A2E13B262271E529006EB068 /* PBXContainerItemProxy */;
			sourceTree = BUILT_PRODUCTS_DIR;
		};
		A2E13B462271E54B006EB068 /* libRNCamera.a */ = {
			isa = PBXReferenceProxy;
			fileType = archive.ar;
			path = libRNCamera.a;
			remoteRef = A2E13B452271E54B006EB068 /* PBXContainerItemProxy */;
			sourceTree = BUILT_PRODUCTS_DIR;
		};
		A2E13B4D2271E56C006EB068 /* libRNDiscovery.a */ = {
			isa = PBXReferenceProxy;
			fileType = archive.ar;
			path = libRNDiscovery.a;
			remoteRef = A2E13B4C2271E56C006EB068 /* PBXContainerItemProxy */;
			sourceTree = BUILT_PRODUCTS_DIR;
		};
		A2E13B542271E590006EB068 /* libInteractable.a */ = {
			isa = PBXReferenceProxy;
			fileType = archive.ar;
			path = libInteractable.a;
			remoteRef = A2E13B532271E590006EB068 /* PBXContainerItemProxy */;
			sourceTree = BUILT_PRODUCTS_DIR;
		};
		A2E13B5B2271E5BB006EB068 /* libRNViewShot.a */ = {
			isa = PBXReferenceProxy;
			fileType = archive.ar;
			path = libRNViewShot.a;
			remoteRef = A2E13B5A2271E5BB006EB068 /* PBXContainerItemProxy */;
			sourceTree = BUILT_PRODUCTS_DIR;
		};
		A2E13B622271E5E0006EB068 /* libRNShare.a */ = {
			isa = PBXReferenceProxy;
			fileType = archive.ar;
			path = libRNShare.a;
			remoteRef = A2E13B612271E5E0006EB068 /* PBXContainerItemProxy */;
			sourceTree = BUILT_PRODUCTS_DIR;
		};
		A2E13B6A2271E5F8006EB068 /* libRNDeviceInfo.a */ = {
			isa = PBXReferenceProxy;
			fileType = archive.ar;
			path = libRNDeviceInfo.a;
			remoteRef = A2E13B692271E5F8006EB068 /* PBXContainerItemProxy */;
			sourceTree = BUILT_PRODUCTS_DIR;
		};
		A2E13B6C2271E5F8006EB068 /* libRNDeviceInfo-tvOS.a */ = {
			isa = PBXReferenceProxy;
			fileType = archive.ar;
			path = "libRNDeviceInfo-tvOS.a";
			remoteRef = A2E13B6B2271E5F8006EB068 /* PBXContainerItemProxy */;
			sourceTree = BUILT_PRODUCTS_DIR;
		};
		A2E13B742271E612006EB068 /* libBVLinearGradient.a */ = {
			isa = PBXReferenceProxy;
			fileType = archive.ar;
			path = libBVLinearGradient.a;
			remoteRef = A2E13B732271E612006EB068 /* PBXContainerItemProxy */;
			sourceTree = BUILT_PRODUCTS_DIR;
		};
		A2E13B762271E612006EB068 /* libBVLinearGradient.a */ = {
			isa = PBXReferenceProxy;
			fileType = archive.ar;
			path = libBVLinearGradient.a;
			remoteRef = A2E13B752271E612006EB068 /* PBXContainerItemProxy */;
			sourceTree = BUILT_PRODUCTS_DIR;
		};
		A2E13B802271E62B006EB068 /* Lottie.framework */ = {
			isa = PBXReferenceProxy;
			fileType = wrapper.framework;
			path = Lottie.framework;
			remoteRef = A2E13B7F2271E62B006EB068 /* PBXContainerItemProxy */;
			sourceTree = BUILT_PRODUCTS_DIR;
		};
		A2E13B822271E62B006EB068 /* Lottie.framework */ = {
			isa = PBXReferenceProxy;
			fileType = wrapper.framework;
			path = Lottie.framework;
			remoteRef = A2E13B812271E62B006EB068 /* PBXContainerItemProxy */;
			sourceTree = BUILT_PRODUCTS_DIR;
		};
		A2E13B842271E62B006EB068 /* Lottie.framework */ = {
			isa = PBXReferenceProxy;
			fileType = wrapper.framework;
			path = Lottie.framework;
			remoteRef = A2E13B832271E62B006EB068 /* PBXContainerItemProxy */;
			sourceTree = BUILT_PRODUCTS_DIR;
		};
		A2E13B862271E62B006EB068 /* libLottie.a */ = {
			isa = PBXReferenceProxy;
			fileType = archive.ar;
			path = libLottie.a;
			remoteRef = A2E13B852271E62B006EB068 /* PBXContainerItemProxy */;
			sourceTree = BUILT_PRODUCTS_DIR;
		};
		A2E13B8D2271E650006EB068 /* libLottieReactNative.a */ = {
			isa = PBXReferenceProxy;
			fileType = archive.ar;
			path = libLottieReactNative.a;
			remoteRef = A2E13B8C2271E650006EB068 /* PBXContainerItemProxy */;
			sourceTree = BUILT_PRODUCTS_DIR;
		};
		A2E13B952273102C006EB068 /* libRCTVibration.a */ = {
			isa = PBXReferenceProxy;
			fileType = archive.ar;
			path = libRCTVibration.a;
			remoteRef = A2E13B942273102C006EB068 /* PBXContainerItemProxy */;
			sourceTree = BUILT_PRODUCTS_DIR;
		};
		E69D381D2145C7420087B6E3 /* libReactNativeNavigation.a */ = {
			isa = PBXReferenceProxy;
			fileType = archive.ar;
			path = libReactNativeNavigation.a;
			remoteRef = E69D381C2145C7420087B6E3 /* PBXContainerItemProxy */;
			sourceTree = BUILT_PRODUCTS_DIR;
		};
/* End PBXReferenceProxy section */

/* Begin PBXResourcesBuildPhase section */
		00E356EC1AD99517003FC87E /* Resources */ = {
			isa = PBXResourcesBuildPhase;
			buildActionMask = 2147483647;
			files = (
			);
			runOnlyForDeploymentPostprocessing = 0;
		};
		13B07F8E1A680F5B00A75B9A /* Resources */ = {
			isa = PBXResourcesBuildPhase;
			buildActionMask = 2147483647;
			files = (
				24F34850214C1A3500FA56A2 /* main.jsbundle in Resources */,
				A29F88A82283172F005C3F00 /* GoogleService-Info.plist in Resources */,
				13B07FBF1A68108700A75B9A /* Images.xcassets in Resources */,
				24F3484E214C1A2A00FA56A2 /* assets in Resources */,
			);
			runOnlyForDeploymentPostprocessing = 0;
		};
		2D02E4791E0B4A5D006451C7 /* Resources */ = {
			isa = PBXResourcesBuildPhase;
			buildActionMask = 2147483647;
			files = (
				2D02E4BD1E0B4A84006451C7 /* Images.xcassets in Resources */,
			);
			runOnlyForDeploymentPostprocessing = 0;
		};
		2D02E48E1E0B4A5D006451C7 /* Resources */ = {
			isa = PBXResourcesBuildPhase;
			buildActionMask = 2147483647;
			files = (
			);
			runOnlyForDeploymentPostprocessing = 0;
		};
/* End PBXResourcesBuildPhase section */

/* Begin PBXShellScriptBuildPhase section */
		2D02E4CB1E0B4B27006451C7 /* Bundle React Native Code And Images */ = {
			isa = PBXShellScriptBuildPhase;
			buildActionMask = 2147483647;
			files = (
			);
			inputPaths = (
			);
			name = "Bundle React Native Code And Images";
			outputPaths = (
			);
			runOnlyForDeploymentPostprocessing = 0;
			shellPath = /bin/sh;
			shellScript = "export NODE_BINARY=node\n../node_modules/react-native/scripts/react-native-xcode.sh";
		};
		A237F11A225CBD9F000FE549 /* Run Script */ = {
			isa = PBXShellScriptBuildPhase;
			buildActionMask = 2147483647;
			files = (
			);
			inputFileListPaths = (
			);
			inputPaths = (
			);
			name = "Run Script";
			outputFileListPaths = (
			);
			outputPaths = (
			);
			runOnlyForDeploymentPostprocessing = 0;
			shellPath = /bin/sh;
			shellScript = "# Type a script or drag a script file from your workspace to insert its path.\n\"${PODS_ROOT}/Fabric/run\"\n";
		};
		EC1AFD702EA0AF3253B60683 /* [CP] Check Pods Manifest.lock */ = {
			isa = PBXShellScriptBuildPhase;
			buildActionMask = 2147483647;
			files = (
			);
			inputFileListPaths = (
			);
			inputPaths = (
				"${PODS_PODFILE_DIR_PATH}/Podfile.lock",
				"${PODS_ROOT}/Manifest.lock",
			);
			name = "[CP] Check Pods Manifest.lock";
			outputFileListPaths = (
			);
			outputPaths = (
				"$(DERIVED_FILE_DIR)/Pods-XRPTipBot-checkManifestLockResult.txt",
			);
			runOnlyForDeploymentPostprocessing = 0;
			shellPath = /bin/sh;
			shellScript = "diff \"${PODS_PODFILE_DIR_PATH}/Podfile.lock\" \"${PODS_ROOT}/Manifest.lock\" > /dev/null\nif [ $? != 0 ] ; then\n    # print error to STDERR\n    echo \"error: The sandbox is not in sync with the Podfile.lock. Run 'pod install' or update your CocoaPods installation.\" >&2\n    exit 1\nfi\n# This output is used by Xcode 'outputs' to avoid re-running this script phase.\necho \"SUCCESS\" > \"${SCRIPT_OUTPUT_FILE_0}\"\n";
			showEnvVarsInLog = 0;
		};
/* End PBXShellScriptBuildPhase section */

/* Begin PBXSourcesBuildPhase section */
		00E356EA1AD99517003FC87E /* Sources */ = {
			isa = PBXSourcesBuildPhase;
			buildActionMask = 2147483647;
			files = (
				00E356F31AD99517003FC87E /* XRPTipBotTests.m in Sources */,
			);
			runOnlyForDeploymentPostprocessing = 0;
		};
		13B07F871A680F5B00A75B9A /* Sources */ = {
			isa = PBXSourcesBuildPhase;
			buildActionMask = 2147483647;
			files = (
				13B07FBC1A68108700A75B9A /* AppDelegate.m in Sources */,
				13B07FC11A68108700A75B9A /* main.m in Sources */,
			);
			runOnlyForDeploymentPostprocessing = 0;
		};
		2D02E4771E0B4A5D006451C7 /* Sources */ = {
			isa = PBXSourcesBuildPhase;
			buildActionMask = 2147483647;
			files = (
				2D02E4BF1E0B4AB3006451C7 /* main.m in Sources */,
				2D02E4BC1E0B4A80006451C7 /* AppDelegate.m in Sources */,
			);
			runOnlyForDeploymentPostprocessing = 0;
		};
		2D02E48C1E0B4A5D006451C7 /* Sources */ = {
			isa = PBXSourcesBuildPhase;
			buildActionMask = 2147483647;
			files = (
				2DCD954D1E0B4F2C00145EB5 /* XRPTipBotTests.m in Sources */,
			);
			runOnlyForDeploymentPostprocessing = 0;
		};
/* End PBXSourcesBuildPhase section */

/* Begin PBXTargetDependency section */
		00E356F51AD99517003FC87E /* PBXTargetDependency */ = {
			isa = PBXTargetDependency;
			target = 13B07F861A680F5B00A75B9A /* XRPTipBot */;
			targetProxy = 00E356F41AD99517003FC87E /* PBXContainerItemProxy */;
		};
		2D02E4921E0B4A5D006451C7 /* PBXTargetDependency */ = {
			isa = PBXTargetDependency;
			target = 2D02E47A1E0B4A5D006451C7 /* XRPTipBot-tvOS */;
			targetProxy = 2D02E4911E0B4A5D006451C7 /* PBXContainerItemProxy */;
		};
/* End PBXTargetDependency section */

/* Begin XCBuildConfiguration section */
		00E356F61AD99517003FC87E /* Debug */ = {
			isa = XCBuildConfiguration;
			buildSettings = {
				BUNDLE_LOADER = "$(TEST_HOST)";
				DEVELOPMENT_TEAM = K7X4VU7872;
				FRAMEWORK_SEARCH_PATHS = (
					"$(SDKROOT)/Developer/Library/Frameworks",
					"$(inherited)",
				);
				GCC_PREPROCESSOR_DEFINITIONS = (
					"DEBUG=1",
					"$(inherited)",
				);
				HEADER_SEARCH_PATHS = (
					"$(inherited)",
					"$(SRCROOT)/../node_modules/react-native-blur/ios",
					"$(SRCROOT)/../node_modules/react-native-video/ios",
					"$(SRCROOT)/../node_modules/react-native-interactable/lib/ios/Interactable",
					"$(SRCROOT)/../node_modules/react-native-maps/lib/ios/**",
					"$(SRCROOT)/../node_modules/react-native-image-crop-picker/ios/**",
					"$(SRCROOT)/../node_modules/react-native-vector-icons/RNVectorIconsManager",
					"$(SRCROOT)/../node_modules/react-native-linear-gradient/BVLinearGradient",
					"$(SRCROOT)/../node_modules/lottie-react-native/src/ios/LottieReactNative",
					"$(SRCROOT)/../node_modules/react-native-camera/ios/**",
					"$(SRCROOT)/../node_modules/react-native-navigation/ios/**",
					"$(SRCROOT)/../node_modules/react-native-sensors/ios",
				);
				INFOPLIST_FILE = XRPTipBotTests/Info.plist;
				IPHONEOS_DEPLOYMENT_TARGET = 8.0;
				LD_RUNPATH_SEARCH_PATHS = "$(inherited) @executable_path/Frameworks @loader_path/Frameworks";
				LIBRARY_SEARCH_PATHS = (
					"$(inherited)",
					"\"$(SRCROOT)/$(TARGET_NAME)\"",
					"\"$(SRCROOT)/$(TARGET_NAME)\"",
					"\"$(SRCROOT)/$(TARGET_NAME)\"",
					"\"$(SRCROOT)/$(TARGET_NAME)\"",
					"\"$(SRCROOT)/$(TARGET_NAME)\"",
					"\"$(SRCROOT)/$(TARGET_NAME)\"",
					"\"$(SRCROOT)/$(TARGET_NAME)\"",
					"\"$(SRCROOT)/$(TARGET_NAME)\"",
					"\"$(SRCROOT)/$(TARGET_NAME)\"",
					"\"$(SRCROOT)/$(TARGET_NAME)\"",
					"\"$(SRCROOT)/$(TARGET_NAME)\"",
				);
				OTHER_LDFLAGS = (
					"-ObjC",
					"-lc++",
				);
				PRODUCT_NAME = "$(TARGET_NAME)";
				TEST_HOST = "$(BUILT_PRODUCTS_DIR)/XRPTipBot.app/XRPTipBot";
			};
			name = Debug;
		};
		00E356F71AD99517003FC87E /* Release */ = {
			isa = XCBuildConfiguration;
			buildSettings = {
				BUNDLE_LOADER = "$(TEST_HOST)";
				COPY_PHASE_STRIP = NO;
				DEVELOPMENT_TEAM = K7X4VU7872;
				FRAMEWORK_SEARCH_PATHS = (
					"$(SDKROOT)/Developer/Library/Frameworks",
					"$(inherited)",
				);
				HEADER_SEARCH_PATHS = (
					"$(inherited)",
					"$(SRCROOT)/../node_modules/react-native-blur/ios",
					"$(SRCROOT)/../node_modules/react-native-video/ios",
					"$(SRCROOT)/../node_modules/react-native-interactable/lib/ios/Interactable",
					"$(SRCROOT)/../node_modules/react-native-maps/lib/ios/**",
					"$(SRCROOT)/../node_modules/react-native-image-crop-picker/ios/**",
					"$(SRCROOT)/../node_modules/react-native-vector-icons/RNVectorIconsManager",
					"$(SRCROOT)/../node_modules/react-native-linear-gradient/BVLinearGradient",
					"$(SRCROOT)/../node_modules/lottie-react-native/src/ios/LottieReactNative",
					"$(SRCROOT)/../node_modules/react-native-camera/ios/**",
					"$(SRCROOT)/../node_modules/react-native-navigation/ios/**",
					"$(SRCROOT)/../node_modules/react-native-sensors/ios",
				);
				INFOPLIST_FILE = XRPTipBotTests/Info.plist;
				IPHONEOS_DEPLOYMENT_TARGET = 8.0;
				LD_RUNPATH_SEARCH_PATHS = "$(inherited) @executable_path/Frameworks @loader_path/Frameworks";
				LIBRARY_SEARCH_PATHS = (
					"$(inherited)",
					"\"$(SRCROOT)/$(TARGET_NAME)\"",
					"\"$(SRCROOT)/$(TARGET_NAME)\"",
					"\"$(SRCROOT)/$(TARGET_NAME)\"",
					"\"$(SRCROOT)/$(TARGET_NAME)\"",
					"\"$(SRCROOT)/$(TARGET_NAME)\"",
					"\"$(SRCROOT)/$(TARGET_NAME)\"",
					"\"$(SRCROOT)/$(TARGET_NAME)\"",
					"\"$(SRCROOT)/$(TARGET_NAME)\"",
					"\"$(SRCROOT)/$(TARGET_NAME)\"",
					"\"$(SRCROOT)/$(TARGET_NAME)\"",
					"\"$(SRCROOT)/$(TARGET_NAME)\"",
				);
				OTHER_LDFLAGS = (
					"-ObjC",
					"-lc++",
				);
				PRODUCT_NAME = "$(TARGET_NAME)";
				TEST_HOST = "$(BUILT_PRODUCTS_DIR)/XRPTipBot.app/XRPTipBot";
			};
			name = Release;
		};
		13B07F941A680F5B00A75B9A /* Debug */ = {
			isa = XCBuildConfiguration;
			baseConfigurationReference = 63A7948E964A8906AEC14107 /* Pods-XRPTipBot.debug.xcconfig */;
			buildSettings = {
				ASSETCATALOG_COMPILER_APPICON_NAME = AppIcon;
				ASSETCATALOG_COMPILER_LAUNCHIMAGE_NAME = LaunchImage;
				CODE_SIGN_ENTITLEMENTS = XRPTipBot/XRPTipBot.entitlements;
				CODE_SIGN_IDENTITY = "iPhone Developer";
				CODE_SIGN_STYLE = Automatic;
				CURRENT_PROJECT_VERSION = 1;
				DEAD_CODE_STRIPPING = NO;
				DEVELOPMENT_TEAM = K7X4VU7872;
				FRAMEWORK_SEARCH_PATHS = "$(inherited)";
				GCC_PREPROCESSOR_DEFINITIONS = "";
				"GCC_PREPROCESSOR_DEFINITIONS[arch=*]" = (
					"DEBUG=1",
					"$(inherited)",
				);
				HEADER_SEARCH_PATHS = (
					"$(inherited)",
					/Applications/Xcode.app/Contents/Developer/Toolchains/XcodeDefault.xctoolchain/usr/include,
					"$(SRCROOT)/../node_modules/react-native/React/**",
					"$(SRCROOT)/../node_modules/react-native-linear-gradient/BVLinearGradient",
					"$(SRCROOT)/../node_modules/lottie-react-native/src/ios/LottieReactNative",
					"$(SRCROOT)/../node_modules/react-native-camera/ios/**",
					"$(SRCROOT)/../node_modules/react-native-firebase/ios/RNFirebase/**",
					"$(SRCROOT)/../node_modules/react-native-navigation/ios/**",
				);
				INFOPLIST_FILE = XRPTipBot/Info.plist;
				LD_RUNPATH_SEARCH_PATHS = "$(inherited) @executable_path/Frameworks";
				OTHER_LDFLAGS = (
					"$(inherited)",
					"-ObjC",
					"-lc++",
					"$(inherited)",
				);
				PRODUCT_BUNDLE_IDENTIFIER = com.xrparrot.XRPTipBot;
				PRODUCT_NAME = XRPTipBot;
				PROVISIONING_PROFILE_SPECIFIER = "";
				TARGETED_DEVICE_FAMILY = "1,2";
				VERSIONING_SYSTEM = "apple-generic";
			};
			name = Debug;
		};
		13B07F951A680F5B00A75B9A /* Release */ = {
			isa = XCBuildConfiguration;
			baseConfigurationReference = 1E06C8884A1B254D429794BF /* Pods-XRPTipBot.release.xcconfig */;
			buildSettings = {
				ASSETCATALOG_COMPILER_APPICON_NAME = AppIcon;
				ASSETCATALOG_COMPILER_LAUNCHIMAGE_NAME = LaunchImage;
				CODE_SIGN_ENTITLEMENTS = XRPTipBot/XRPTipBot.entitlements;
				CODE_SIGN_IDENTITY = "iPhone Developer";
				CODE_SIGN_STYLE = Automatic;
				CURRENT_PROJECT_VERSION = 1;
				DEVELOPMENT_TEAM = K7X4VU7872;
				FRAMEWORK_SEARCH_PATHS = "$(inherited)";
				GCC_PREPROCESSOR_DEFINITIONS = "";
				HEADER_SEARCH_PATHS = (
					"$(inherited)",
					/Applications/Xcode.app/Contents/Developer/Toolchains/XcodeDefault.xctoolchain/usr/include,
					"$(SRCROOT)/../node_modules/react-native/React/**",
					"$(SRCROOT)/../node_modules/react-native-linear-gradient/BVLinearGradient",
					"$(SRCROOT)/../node_modules/lottie-react-native/src/ios/LottieReactNative",
					"$(SRCROOT)/../node_modules/react-native-camera/ios/**",
					"$(SRCROOT)/../node_modules/react-native-firebase/ios/RNFirebase/**",
					"$(SRCROOT)/../node_modules/react-native-navigation/ios/**",
				);
				INFOPLIST_FILE = XRPTipBot/Info.plist;
				LD_RUNPATH_SEARCH_PATHS = "$(inherited) @executable_path/Frameworks";
				OTHER_LDFLAGS = (
					"$(inherited)",
					"-ObjC",
					"-lc++",
					"$(inherited)",
				);
				PRODUCT_BUNDLE_IDENTIFIER = com.xrparrot.XRPTipBot;
				PRODUCT_NAME = XRPTipBot;
				PROVISIONING_PROFILE_SPECIFIER = "";
				TARGETED_DEVICE_FAMILY = "1,2";
				VERSIONING_SYSTEM = "apple-generic";
			};
			name = Release;
		};
		2D02E4971E0B4A5E006451C7 /* Debug */ = {
			isa = XCBuildConfiguration;
			buildSettings = {
				ASSETCATALOG_COMPILER_APPICON_NAME = "App Icon & Top Shelf Image";
				ASSETCATALOG_COMPILER_LAUNCHIMAGE_NAME = LaunchImage;
				CLANG_ANALYZER_NONNULL = YES;
				CLANG_WARN_DOCUMENTATION_COMMENTS = YES;
				CLANG_WARN_INFINITE_RECURSION = YES;
				CLANG_WARN_SUSPICIOUS_MOVE = YES;
				DEBUG_INFORMATION_FORMAT = dwarf;
				ENABLE_TESTABILITY = YES;
				GCC_NO_COMMON_BLOCKS = YES;
				HEADER_SEARCH_PATHS = (
					"$(inherited)",
					"$(SRCROOT)/../node_modules/react-native-blur/ios",
					"$(SRCROOT)/../node_modules/react-native-video/ios",
					"$(SRCROOT)/../node_modules/react-native-interactable/lib/ios/Interactable",
					"$(SRCROOT)/../node_modules/react-native-maps/lib/ios/**",
					"$(SRCROOT)/../node_modules/react-native-image-crop-picker/ios/**",
					"$(SRCROOT)/../node_modules/react-native-vector-icons/RNVectorIconsManager",
					"$(SRCROOT)/../node_modules/react-native-linear-gradient/BVLinearGradient",
					"$(SRCROOT)/../node_modules/lottie-react-native/src/ios/LottieReactNative",
					"$(SRCROOT)/../node_modules/react-native-camera/ios/**",
					"$(SRCROOT)/../node_modules/react-native-navigation/ios/**",
					"$(SRCROOT)/../node_modules/react-native-sensors/ios",
				);
				INFOPLIST_FILE = "XRPTipBot-tvOS/Info.plist";
				LD_RUNPATH_SEARCH_PATHS = "$(inherited) @executable_path/Frameworks";
				LIBRARY_SEARCH_PATHS = (
					"$(inherited)",
					"\"$(SRCROOT)/$(TARGET_NAME)\"",
					"\"$(SRCROOT)/$(TARGET_NAME)\"",
					"\"$(SRCROOT)/$(TARGET_NAME)\"",
					"\"$(SRCROOT)/$(TARGET_NAME)\"",
					"\"$(SRCROOT)/$(TARGET_NAME)\"",
					"\"$(SRCROOT)/$(TARGET_NAME)\"",
					"\"$(SRCROOT)/$(TARGET_NAME)\"",
					"\"$(SRCROOT)/$(TARGET_NAME)\"",
					"\"$(SRCROOT)/$(TARGET_NAME)\"",
					"\"$(SRCROOT)/$(TARGET_NAME)\"",
					"\"$(SRCROOT)/$(TARGET_NAME)\"",
				);
				OTHER_LDFLAGS = (
					"-ObjC",
					"-lc++",
				);
				PRODUCT_BUNDLE_IDENTIFIER = "com.facebook.REACT.XRPTipBot-tvOS";
				PRODUCT_NAME = "$(TARGET_NAME)";
				SDKROOT = appletvos;
				TARGETED_DEVICE_FAMILY = 3;
				TVOS_DEPLOYMENT_TARGET = 9.2;
			};
			name = Debug;
		};
		2D02E4981E0B4A5E006451C7 /* Release */ = {
			isa = XCBuildConfiguration;
			buildSettings = {
				ASSETCATALOG_COMPILER_APPICON_NAME = "App Icon & Top Shelf Image";
				ASSETCATALOG_COMPILER_LAUNCHIMAGE_NAME = LaunchImage;
				CLANG_ANALYZER_NONNULL = YES;
				CLANG_WARN_DOCUMENTATION_COMMENTS = YES;
				CLANG_WARN_INFINITE_RECURSION = YES;
				CLANG_WARN_SUSPICIOUS_MOVE = YES;
				COPY_PHASE_STRIP = NO;
				DEBUG_INFORMATION_FORMAT = "dwarf-with-dsym";
				GCC_NO_COMMON_BLOCKS = YES;
				HEADER_SEARCH_PATHS = (
					"$(inherited)",
					"$(SRCROOT)/../node_modules/react-native-blur/ios",
					"$(SRCROOT)/../node_modules/react-native-video/ios",
					"$(SRCROOT)/../node_modules/react-native-interactable/lib/ios/Interactable",
					"$(SRCROOT)/../node_modules/react-native-maps/lib/ios/**",
					"$(SRCROOT)/../node_modules/react-native-image-crop-picker/ios/**",
					"$(SRCROOT)/../node_modules/react-native-vector-icons/RNVectorIconsManager",
					"$(SRCROOT)/../node_modules/react-native-linear-gradient/BVLinearGradient",
					"$(SRCROOT)/../node_modules/lottie-react-native/src/ios/LottieReactNative",
					"$(SRCROOT)/../node_modules/react-native-camera/ios/**",
					"$(SRCROOT)/../node_modules/react-native-navigation/ios/**",
					"$(SRCROOT)/../node_modules/react-native-sensors/ios",
				);
				INFOPLIST_FILE = "XRPTipBot-tvOS/Info.plist";
				LD_RUNPATH_SEARCH_PATHS = "$(inherited) @executable_path/Frameworks";
				LIBRARY_SEARCH_PATHS = (
					"$(inherited)",
					"\"$(SRCROOT)/$(TARGET_NAME)\"",
					"\"$(SRCROOT)/$(TARGET_NAME)\"",
					"\"$(SRCROOT)/$(TARGET_NAME)\"",
					"\"$(SRCROOT)/$(TARGET_NAME)\"",
					"\"$(SRCROOT)/$(TARGET_NAME)\"",
					"\"$(SRCROOT)/$(TARGET_NAME)\"",
					"\"$(SRCROOT)/$(TARGET_NAME)\"",
					"\"$(SRCROOT)/$(TARGET_NAME)\"",
					"\"$(SRCROOT)/$(TARGET_NAME)\"",
					"\"$(SRCROOT)/$(TARGET_NAME)\"",
					"\"$(SRCROOT)/$(TARGET_NAME)\"",
				);
				OTHER_LDFLAGS = (
					"-ObjC",
					"-lc++",
				);
				PRODUCT_BUNDLE_IDENTIFIER = "com.facebook.REACT.XRPTipBot-tvOS";
				PRODUCT_NAME = "$(TARGET_NAME)";
				SDKROOT = appletvos;
				TARGETED_DEVICE_FAMILY = 3;
				TVOS_DEPLOYMENT_TARGET = 9.2;
			};
			name = Release;
		};
		2D02E4991E0B4A5E006451C7 /* Debug */ = {
			isa = XCBuildConfiguration;
			buildSettings = {
				BUNDLE_LOADER = "$(TEST_HOST)";
				CLANG_ANALYZER_NONNULL = YES;
				CLANG_WARN_DOCUMENTATION_COMMENTS = YES;
				CLANG_WARN_INFINITE_RECURSION = YES;
				CLANG_WARN_SUSPICIOUS_MOVE = YES;
				DEBUG_INFORMATION_FORMAT = dwarf;
				ENABLE_TESTABILITY = YES;
				GCC_NO_COMMON_BLOCKS = YES;
				INFOPLIST_FILE = "XRPTipBot-tvOSTests/Info.plist";
				LD_RUNPATH_SEARCH_PATHS = "$(inherited) @executable_path/Frameworks @loader_path/Frameworks";
				LIBRARY_SEARCH_PATHS = (
					"$(inherited)",
					"\"$(SRCROOT)/$(TARGET_NAME)\"",
					"\"$(SRCROOT)/$(TARGET_NAME)\"",
					"\"$(SRCROOT)/$(TARGET_NAME)\"",
					"\"$(SRCROOT)/$(TARGET_NAME)\"",
					"\"$(SRCROOT)/$(TARGET_NAME)\"",
					"\"$(SRCROOT)/$(TARGET_NAME)\"",
					"\"$(SRCROOT)/$(TARGET_NAME)\"",
					"\"$(SRCROOT)/$(TARGET_NAME)\"",
					"\"$(SRCROOT)/$(TARGET_NAME)\"",
					"\"$(SRCROOT)/$(TARGET_NAME)\"",
					"\"$(SRCROOT)/$(TARGET_NAME)\"",
				);
				PRODUCT_BUNDLE_IDENTIFIER = "com.facebook.REACT.XRPTipBot-tvOSTests";
				PRODUCT_NAME = "$(TARGET_NAME)";
				SDKROOT = appletvos;
				TEST_HOST = "$(BUILT_PRODUCTS_DIR)/XRPTipBot.temp_caseinsensitive_rename-tvOS.app/XRPTipBot.temp_caseinsensitive_rename-tvOS";
				TVOS_DEPLOYMENT_TARGET = 10.1;
			};
			name = Debug;
		};
		2D02E49A1E0B4A5E006451C7 /* Release */ = {
			isa = XCBuildConfiguration;
			buildSettings = {
				BUNDLE_LOADER = "$(TEST_HOST)";
				CLANG_ANALYZER_NONNULL = YES;
				CLANG_WARN_DOCUMENTATION_COMMENTS = YES;
				CLANG_WARN_INFINITE_RECURSION = YES;
				CLANG_WARN_SUSPICIOUS_MOVE = YES;
				COPY_PHASE_STRIP = NO;
				DEBUG_INFORMATION_FORMAT = "dwarf-with-dsym";
				GCC_NO_COMMON_BLOCKS = YES;
				INFOPLIST_FILE = "XRPTipBot-tvOSTests/Info.plist";
				LD_RUNPATH_SEARCH_PATHS = "$(inherited) @executable_path/Frameworks @loader_path/Frameworks";
				LIBRARY_SEARCH_PATHS = (
					"$(inherited)",
					"\"$(SRCROOT)/$(TARGET_NAME)\"",
					"\"$(SRCROOT)/$(TARGET_NAME)\"",
					"\"$(SRCROOT)/$(TARGET_NAME)\"",
					"\"$(SRCROOT)/$(TARGET_NAME)\"",
					"\"$(SRCROOT)/$(TARGET_NAME)\"",
					"\"$(SRCROOT)/$(TARGET_NAME)\"",
					"\"$(SRCROOT)/$(TARGET_NAME)\"",
					"\"$(SRCROOT)/$(TARGET_NAME)\"",
					"\"$(SRCROOT)/$(TARGET_NAME)\"",
					"\"$(SRCROOT)/$(TARGET_NAME)\"",
					"\"$(SRCROOT)/$(TARGET_NAME)\"",
				);
				PRODUCT_BUNDLE_IDENTIFIER = "com.facebook.REACT.XRPTipBot-tvOSTests";
				PRODUCT_NAME = "$(TARGET_NAME)";
				SDKROOT = appletvos;
				TEST_HOST = "$(BUILT_PRODUCTS_DIR)/XRPTipBot.temp_caseinsensitive_rename-tvOS.app/XRPTipBot.temp_caseinsensitive_rename-tvOS";
				TVOS_DEPLOYMENT_TARGET = 10.1;
			};
			name = Release;
		};
		83CBBA201A601CBA00E9B192 /* Debug */ = {
			isa = XCBuildConfiguration;
			buildSettings = {
				ALWAYS_SEARCH_USER_PATHS = NO;
				CLANG_CXX_LANGUAGE_STANDARD = "gnu++0x";
				CLANG_CXX_LIBRARY = "libc++";
				CLANG_ENABLE_MODULES = YES;
				CLANG_ENABLE_OBJC_ARC = YES;
				CLANG_WARN_BOOL_CONVERSION = YES;
				CLANG_WARN_CONSTANT_CONVERSION = YES;
				CLANG_WARN_DIRECT_OBJC_ISA_USAGE = YES_ERROR;
				CLANG_WARN_EMPTY_BODY = YES;
				CLANG_WARN_ENUM_CONVERSION = YES;
				CLANG_WARN_INT_CONVERSION = YES;
				CLANG_WARN_OBJC_ROOT_CLASS = YES_ERROR;
				CLANG_WARN_UNREACHABLE_CODE = YES;
				CLANG_WARN__DUPLICATE_METHOD_MATCH = YES;
				"CODE_SIGN_IDENTITY[sdk=iphoneos*]" = "iPhone Developer";
				COPY_PHASE_STRIP = NO;
				ENABLE_STRICT_OBJC_MSGSEND = YES;
				GCC_C_LANGUAGE_STANDARD = gnu99;
				GCC_DYNAMIC_NO_PIC = NO;
				GCC_OPTIMIZATION_LEVEL = 0;
				GCC_PREPROCESSOR_DEFINITIONS = (
					"DEBUG=1",
					"$(inherited)",
				);
				GCC_SYMBOLS_PRIVATE_EXTERN = NO;
				GCC_WARN_64_TO_32_BIT_CONVERSION = YES;
				GCC_WARN_ABOUT_RETURN_TYPE = YES_ERROR;
				GCC_WARN_UNDECLARED_SELECTOR = YES;
				GCC_WARN_UNINITIALIZED_AUTOS = YES_AGGRESSIVE;
				GCC_WARN_UNUSED_FUNCTION = YES;
				GCC_WARN_UNUSED_VARIABLE = YES;
				IPHONEOS_DEPLOYMENT_TARGET = 8.0;
				MTL_ENABLE_DEBUG_INFO = YES;
				ONLY_ACTIVE_ARCH = YES;
				SDKROOT = iphoneos;
			};
			name = Debug;
		};
		83CBBA211A601CBA00E9B192 /* Release */ = {
			isa = XCBuildConfiguration;
			buildSettings = {
				ALWAYS_SEARCH_USER_PATHS = NO;
				CLANG_CXX_LANGUAGE_STANDARD = "gnu++0x";
				CLANG_CXX_LIBRARY = "libc++";
				CLANG_ENABLE_MODULES = YES;
				CLANG_ENABLE_OBJC_ARC = YES;
				CLANG_WARN_BOOL_CONVERSION = YES;
				CLANG_WARN_CONSTANT_CONVERSION = YES;
				CLANG_WARN_DIRECT_OBJC_ISA_USAGE = YES_ERROR;
				CLANG_WARN_EMPTY_BODY = YES;
				CLANG_WARN_ENUM_CONVERSION = YES;
				CLANG_WARN_INT_CONVERSION = YES;
				CLANG_WARN_OBJC_ROOT_CLASS = YES_ERROR;
				CLANG_WARN_UNREACHABLE_CODE = YES;
				CLANG_WARN__DUPLICATE_METHOD_MATCH = YES;
				"CODE_SIGN_IDENTITY[sdk=iphoneos*]" = "iPhone Developer";
				COPY_PHASE_STRIP = YES;
				ENABLE_NS_ASSERTIONS = NO;
				ENABLE_STRICT_OBJC_MSGSEND = YES;
				GCC_C_LANGUAGE_STANDARD = gnu99;
				GCC_WARN_64_TO_32_BIT_CONVERSION = YES;
				GCC_WARN_ABOUT_RETURN_TYPE = YES_ERROR;
				GCC_WARN_UNDECLARED_SELECTOR = YES;
				GCC_WARN_UNINITIALIZED_AUTOS = YES_AGGRESSIVE;
				GCC_WARN_UNUSED_FUNCTION = YES;
				GCC_WARN_UNUSED_VARIABLE = YES;
				IPHONEOS_DEPLOYMENT_TARGET = 8.0;
				MTL_ENABLE_DEBUG_INFO = NO;
				SDKROOT = iphoneos;
				VALIDATE_PRODUCT = YES;
			};
			name = Release;
		};
/* End XCBuildConfiguration section */

/* Begin XCConfigurationList section */
		00E357021AD99517003FC87E /* Build configuration list for PBXNativeTarget "XRPTipBotTests" */ = {
			isa = XCConfigurationList;
			buildConfigurations = (
				00E356F61AD99517003FC87E /* Debug */,
				00E356F71AD99517003FC87E /* Release */,
			);
			defaultConfigurationIsVisible = 0;
			defaultConfigurationName = Release;
		};
		13B07F931A680F5B00A75B9A /* Build configuration list for PBXNativeTarget "XRPTipBot" */ = {
			isa = XCConfigurationList;
			buildConfigurations = (
				13B07F941A680F5B00A75B9A /* Debug */,
				13B07F951A680F5B00A75B9A /* Release */,
			);
			defaultConfigurationIsVisible = 0;
			defaultConfigurationName = Release;
		};
		2D02E4BA1E0B4A5E006451C7 /* Build configuration list for PBXNativeTarget "XRPTipBot-tvOS" */ = {
			isa = XCConfigurationList;
			buildConfigurations = (
				2D02E4971E0B4A5E006451C7 /* Debug */,
				2D02E4981E0B4A5E006451C7 /* Release */,
			);
			defaultConfigurationIsVisible = 0;
			defaultConfigurationName = Release;
		};
		2D02E4BB1E0B4A5E006451C7 /* Build configuration list for PBXNativeTarget "XRPTipBot-tvOSTests" */ = {
			isa = XCConfigurationList;
			buildConfigurations = (
				2D02E4991E0B4A5E006451C7 /* Debug */,
				2D02E49A1E0B4A5E006451C7 /* Release */,
			);
			defaultConfigurationIsVisible = 0;
			defaultConfigurationName = Release;
		};
		83CBB9FA1A601CBA00E9B192 /* Build configuration list for PBXProject "XRPTipBot" */ = {
			isa = XCConfigurationList;
			buildConfigurations = (
				83CBBA201A601CBA00E9B192 /* Debug */,
				83CBBA211A601CBA00E9B192 /* Release */,
			);
			defaultConfigurationIsVisible = 0;
			defaultConfigurationName = Release;
		};
/* End XCConfigurationList section */
	};
	rootObject = 83CBB9F71A601CBA00E9B192 /* Project object */;
}
